<?xml version="1.0" encoding="utf-8"?>
<Project ToolsVersion="4.0" xmlns="http://schemas.microsoft.com/developer/msbuild/2003">
  <ItemGroup>
    <Filter Include="Source Files">
      <UniqueIdentifier>{4FC737F1-C7A5-4376-A066-2A32D752A2FF}</UniqueIdentifier>
      <Extensions>cpp;c;cc;cxx;def;odl;idl;hpj;bat;asm;asmx</Extensions>
    </Filter>
    <Filter Include="Header Files">
      <UniqueIdentifier>{93995380-89BD-4b04-88EB-625FBE52EBFB}</UniqueIdentifier>
      <Extensions>h;hpp;hxx;hm;inl;inc;xsd</Extensions>
    </Filter>
    <Filter Include="Resource Files">
      <UniqueIdentifier>{67DA6AB6-F800-4c08-8B7A-83BB121AAD01}</UniqueIdentifier>
      <Extensions>rc;ico;cur;bmp;dlg;rc2;rct;bin;rgs;gif;jpg;jpeg;jpe;resx;tiff;tif;png;wav</Extensions>
    </Filter>
  </ItemGroup>
  <ItemGroup>
    <ClCompile Include="StaticLib.cpp">
      <Filter>Source Files</Filter>
    </ClCompile>
    <ClCompile Include="stdafx.cpp">
      <Filter>Source Files</Filter>
    </ClCompile>
    <ClCompile Include="ExtrusionInternals.cpp">
      <Filter>Source Files</Filter>
    </ClCompile>
    <ClCompile Include="ExtrusionLib.cpp">
      <Filter>Source Files</Filter>
    </ClCompile>
    <ClCompile Include="gleBaseExtrusion.cpp">
      <Filter>Source Files</Filter>
    </ClCompile>
    <ClCompile Include="gleExtrusion.cpp">
      <Filter>Source Files</Filter>
    </ClCompile>
    <ClCompile Include="gleConeExtrusion.cpp">
      <Filter>Source Files</Filter>
    </ClCompile>
    <ClCompile Include="gleCylinderExtrusion.cpp">
      <Filter>Source Files</Filter>
    </ClCompile>
    <ClCompile Include="gleIBeam.cpp">
      <Filter>Source Files</Filter>
    </ClCompile>
    <ClCompile Include="gleSimpleBeam.cpp">
      <Filter>Source Files</Filter>
    </ClCompile>
    <ClCompile Include="gleTwistExtrusion.cpp">
      <Filter>Source Files</Filter>
    </ClCompile>
    <ClCompile Include="gleScrew.cpp">
      <Filter>Source Files</Filter>
    </ClCompile>
    <ClCompile Include="gleTwistedIBeam.cpp">
      <Filter>Source Files</Filter>
    </ClCompile>
    <ClCompile Include="gleSimpleTwistedIBeam.cpp">
      <Filter>Source Files</Filter>
    </ClCompile>
    <ClCompile Include="gleSpiralExtrusion.cpp">
      <Filter>Source Files</Filter>
    </ClCompile>
    <ClCompile Include="gleHelicoidExtrusion.cpp">
      <Filter>Source Files</Filter>
    </ClCompile>
    <ClCompile Include="gleLatheExtrusion.cpp">
      <Filter>Source Files</Filter>
    </ClCompile>
    <ClCompile Include="gleToroidExtrusion.cpp">
      <Filter>Source Files</Filter>
    </ClCompile>
    <ClCompile Include="gleTaperExtrusion.cpp">
      <Filter>Source Files</Filter>
    </ClCompile>
  </ItemGroup>
  <ItemGroup>
    <ClInclude Include="stdafx.h">
      <Filter>Header Files</Filter>
    </ClInclude>
    <ClInclude Include="ExtrusionInternals.h">
      <Filter>Header Files</Filter>
    </ClInclude>
    <ClInclude Include="ExtrusionLib.h">
      <Filter>Header Files</Filter>
    </ClInclude>
    <ClInclude Include="targetver.h">
      <Filter>Header Files</Filter>
    </ClInclude>
    <ClInclude Include="gleBaseExtrusion.h">
      <Filter>Header Files</Filter>
    </ClInclude>
    <ClInclude Include="gleExtrusion.h">
      <Filter>Header Files</Filter>
    </ClInclude>
    <ClInclude Include="gleConeExtrusion.h">
      <Filter>Header Files</Filter>
    </ClInclude>
    <ClInclude Include="gleCylinderExtrusion.h">
      <Filter>Header Files</Filter>
    </ClInclude>
    <ClInclude Include="gleIBeam.h">
      <Filter>Header Files</Filter>
    </ClInclude>
    <ClInclude Include="gleSimpleBeam.h">
      <Filter>Header Files</Filter>
    </ClInclude>
    <ClInclude Include="gleTwistExtrusion.h">
      <Filter>Header Files</Filter>
    </ClInclude>
    <ClInclude Include="gleScrew.h">
      <Filter>Header Files</Filter>
    </ClInclude>
    <ClInclude Include="gleTwistedIBeam.h">
      <Filter>Header Files</Filter>
    </ClInclude>
    <ClInclude Include="gleSimpleTwistedIBeam.h">
      <Filter>Header Files</Filter>
    </ClInclude>
    <ClInclude Include="gleSpiralExtrusion.h">
      <Filter>Header Files</Filter>
    </ClInclude>
    <ClInclude Include="gleHelicoidExtrusion.h">
      <Filter>Header Files</Filter>
    </ClInclude>
    <ClInclude Include="gleLatheExtrusion.h">
      <Filter>Header Files</Filter>
    </ClInclude>
    <ClInclude Include="gleToroidExtrusion.h">
      <Filter>Header Files</Filter>
    </ClInclude>
    <ClInclude Include="gleTaperExtrusion.h">
      <Filter>Header Files</Filter>
    </ClInclude>
  </ItemGroup>
</Project>