
Microsoft Visual Studio Solution File, Format Version 10.00
# Visual C++ Express 2008
Project("{8BC9CEB8-8B4A-11D0-8D11-00A0C91BC942}") = "antinspect", "antinspect.vcproj", "{1BEFEC37-6FBE-4191-8E44-93E5704D3333}"
EndProject
Project("{8BC9CEB8-8B4A-11D0-8D11-00A0C91BC942}") = "antmaze", "antmaze.vcproj", "{0B0C4A69-886D-494F-B653-91FA507BC1B8}"
EndProject
Project("{8BC9CEB8-8B4A-11D0-8D11-00A0C91BC942}") = "blinkbox", "blinkbox.vcproj", "{64CAEB3F-0B59-4257-928C-CCC4B9ECAA29}"
EndProject
Project("{8BC9CEB8-8B4A-11D0-8D11-00A0C91BC942}") = "cube21", "cube21.vcproj", "{17A7FEE0-B245-4294-BC37-DD5C116F5809}"
EndProject
Project("{8BC9CEB8-8B4A-11D0-8D11-00A0C91BC942}") = "cubicgrid", "cubicgrid.vcproj", "{DB4121BE-6505-4B4A-B7EE-665FD4829FD5}"
EndProject
Project("{8BC9CEB8-8B4A-11D0-8D11-00A0C91BC942}") = "endgame", "endgame.vcproj", "{17AC199A-185E-47FB-B629-A49C124241A7}"
EndProject
Project("{8BC9CEB8-8B4A-11D0-8D11-00A0C91BC942}") = "flurry", "flurry.vcproj", "{515ECD0E-8A3F-4FD4-A81C-FDD019F06F33}"
EndProject
Project("{8BC9CEB8-8B4A-11D0-8D11-00A0C91BC942}") = "gears", "gears.vcproj", "{0EC172D9-A22F-4AA7-BC8F-434F3BB628A2}"
EndProject
Project("{8BC9CEB8-8B4A-11D0-8D11-00A0C91BC942}") = "hypertorus", "hypertorus.vcproj", "{ACA3FCD0-E301-41CF-9164-722499DABD29}"
EndProject
Project("{8BC9CEB8-8B4A-11D0-8D11-00A0C91BC942}") = "klein", "klein.vcproj", "{3D7C2208-59BE-4130-A9ED-993A1ACE425A}"
EndProject
Project("{8BC9CEB8-8B4A-11D0-8D11-00A0C91BC942}") = "moebius", "moebius.vcproj", "{E89F64CD-FD69-4961-A992-5102162D1594}"
EndProject
Project("{8BC9CEB8-8B4A-11D0-8D11-00A0C91BC942}") = "moebiusgears", "moebiusgears.vcproj", "{E04CEA78-E798-41CB-B012-26691E6F2204}"
EndProject
Project("{8BC9CEB8-8B4A-11D0-8D11-00A0C91BC942}") = "morph3d", "morph3d.vcproj", "{DB2449D8-D34B-4823-A5EA-01D96BAD0DBB}"
EndProject
Project("{8BC9CEB8-8B4A-11D0-8D11-00A0C91BC942}") = "noof", "noof.vcproj", "{DF4D10A4-6044-4E0F-81E3-C6A76468C224}"
EndProject
Project("{8BC9CEB8-8B4A-11D0-8D11-00A0C91BC942}") = "polytopes", "polytopes.vcproj", "{B1307BF4-107B-4874-82BC-7C4344861CF7}"
EndProject
Project("{8BC9CEB8-8B4A-11D0-8D11-00A0C91BC942}") = "queens", "queens.vcproj", "{82FF1D7A-4DB5-4558-8DC9-D92AA2E23D1C}"
EndProject
Project("{8BC9CEB8-8B4A-11D0-8D11-00A0C91BC942}") = "rubikblocks", "rubikblocks.vcproj", "{DBE7CADD-5051-4681-93B3-53BD8E84023E}"
EndProject
Project("{8BC9CEB8-8B4A-11D0-8D11-00A0C91BC942}") = "sproingies", "sproingies.vcproj", "{34DFAA5A-C8CA-4AC9-8DDA-387FD2E2E6C7}"
EndProject
Project("{8BC9CEB8-8B4A-11D0-8D11-00A0C91BC942}") = "stonerview", "stonerview.vcproj", "{745E3A1B-7854-4499-8D69-806639572FAC}"
EndProject
Project("{8BC9CEB8-8B4A-11D0-8D11-00A0C91BC942}") = "superquadrics", "superquadrics.vcproj", "{173BCB70-1F14-4A2E-9254-D5A4364BAC6A}"
EndProject
Project("{8BC9CEB8-8B4A-11D0-8D11-00A0C91BC942}") = "surfaces", "surfaces.vcproj", "{36959CD0-08A8-4E17-A969-DB0F5F53D538}"
EndProject
Global
	GlobalSection(SolutionConfigurationPlatforms) = preSolution
		Debug|Win32 = Debug|Win32
		Release|Win32 = Release|Win32
	EndGlobalSection
	GlobalSection(ProjectConfigurationPlatforms) = postSolution
		{1BEFEC37-6FBE-4191-8E44-93E5704D3333}.Debug|Win32.ActiveCfg = Debug|Win32
		{1BEFEC37-6FBE-4191-8E44-93E5704D3333}.Debug|Win32.Build.0 = Debug|Win32
		{1BEFEC37-6FBE-4191-8E44-93E5704D3333}.Release|Win32.ActiveCfg = Release|Win32
		{1BEFEC37-6FBE-4191-8E44-93E5704D3333}.Release|Win32.Build.0 = Release|Win32
		{0B0C4A69-886D-494F-B653-91FA507BC1B8}.Debug|Win32.ActiveCfg = Debug|Win32
		{0B0C4A69-886D-494F-B653-91FA507BC1B8}.Debug|Win32.Build.0 = Debug|Win32
		{0B0C4A69-886D-494F-B653-91FA507BC1B8}.Release|Win32.ActiveCfg = Release|Win32
		{0B0C4A69-886D-494F-B653-91FA507BC1B8}.Release|Win32.Build.0 = Release|Win32
		{64CAEB3F-0B59-4257-928C-CCC4B9ECAA29}.Debug|Win32.ActiveCfg = Debug|Win32
		{64CAEB3F-0B59-4257-928C-CCC4B9ECAA29}.Debug|Win32.Build.0 = Debug|Win32
		{64CAEB3F-0B59-4257-928C-CCC4B9ECAA29}.Release|Win32.ActiveCfg = Release|Win32
		{64CAEB3F-0B59-4257-928C-CCC4B9ECAA29}.Release|Win32.Build.0 = Release|Win32
		{17A7FEE0-B245-4294-BC37-DD5C116F5809}.Debug|Win32.ActiveCfg = Debug|Win32
		{17A7FEE0-B245-4294-BC37-DD5C116F5809}.Debug|Win32.Build.0 = Debug|Win32
		{17A7FEE0-B245-4294-BC37-DD5C116F5809}.Release|Win32.ActiveCfg = Release|Win32
		{17A7FEE0-B245-4294-BC37-DD5C116F5809}.Release|Win32.Build.0 = Release|Win32
		{DB4121BE-6505-4B4A-B7EE-665FD4829FD5}.Debug|Win32.ActiveCfg = Debug|Win32
		{DB4121BE-6505-4B4A-B7EE-665FD4829FD5}.Debug|Win32.Build.0 = Debug|Win32
		{DB4121BE-6505-4B4A-B7EE-665FD4829FD5}.Release|Win32.ActiveCfg = Release|Win32
		{DB4121BE-6505-4B4A-B7EE-665FD4829FD5}.Release|Win32.Build.0 = Release|Win32
		{17AC199A-185E-47FB-B629-A49C124241A7}.Debug|Win32.ActiveCfg = Debug|Win32
		{17AC199A-185E-47FB-B629-A49C124241A7}.Debug|Win32.Build.0 = Debug|Win32
		{17AC199A-185E-47FB-B629-A49C124241A7}.Release|Win32.ActiveCfg = Release|Win32
		{17AC199A-185E-47FB-B629-A49C124241A7}.Release|Win32.Build.0 = Release|Win32
		{515ECD0E-8A3F-4FD4-A81C-FDD019F06F33}.Debug|Win32.ActiveCfg = Debug|Win32
		{515ECD0E-8A3F-4FD4-A81C-FDD019F06F33}.Debug|Win32.Build.0 = Debug|Win32
		{515ECD0E-8A3F-4FD4-A81C-FDD019F06F33}.Release|Win32.ActiveCfg = Release|Win32
		{515ECD0E-8A3F-4FD4-A81C-FDD019F06F33}.Release|Win32.Build.0 = Release|Win32
		{0EC172D9-A22F-4AA7-BC8F-434F3BB628A2}.Debug|Win32.ActiveCfg = Debug|Win32
		{0EC172D9-A22F-4AA7-BC8F-434F3BB628A2}.Debug|Win32.Build.0 = Debug|Win32
		{0EC172D9-A22F-4AA7-BC8F-434F3BB628A2}.Release|Win32.ActiveCfg = Release|Win32
		{0EC172D9-A22F-4AA7-BC8F-434F3BB628A2}.Release|Win32.Build.0 = Release|Win32
		{ACA3FCD0-E301-41CF-9164-722499DABD29}.Debug|Win32.ActiveCfg = Debug|Win32
		{ACA3FCD0-E301-41CF-9164-722499DABD29}.Debug|Win32.Build.0 = Debug|Win32
		{ACA3FCD0-E301-41CF-9164-722499DABD29}.Release|Win32.ActiveCfg = Release|Win32
		{ACA3FCD0-E301-41CF-9164-722499DABD29}.Release|Win32.Build.0 = Release|Win32
		{3D7C2208-59BE-4130-A9ED-993A1ACE425A}.Debug|Win32.ActiveCfg = Debug|Win32
		{3D7C2208-59BE-4130-A9ED-993A1ACE425A}.Debug|Win32.Build.0 = Debug|Win32
		{3D7C2208-59BE-4130-A9ED-993A1ACE425A}.Release|Win32.ActiveCfg = Release|Win32
		{3D7C2208-59BE-4130-A9ED-993A1ACE425A}.Release|Win32.Build.0 = Release|Win32
		{E89F64CD-FD69-4961-A992-5102162D1594}.Debug|Win32.ActiveCfg = Debug|Win32
		{E89F64CD-FD69-4961-A992-5102162D1594}.Debug|Win32.Build.0 = Debug|Win32
		{E89F64CD-FD69-4961-A992-5102162D1594}.Release|Win32.ActiveCfg = Release|Win32
		{E89F64CD-FD69-4961-A992-5102162D1594}.Release|Win32.Build.0 = Release|Win32
		{E04CEA78-E798-41CB-B012-26691E6F2204}.Debug|Win32.ActiveCfg = Debug|Win32
		{E04CEA78-E798-41CB-B012-26691E6F2204}.Debug|Win32.Build.0 = Debug|Win32
		{E04CEA78-E798-41CB-B012-26691E6F2204}.Release|Win32.ActiveCfg = Release|Win32
		{E04CEA78-E798-41CB-B012-26691E6F2204}.Release|Win32.Build.0 = Release|Win32
		{DB2449D8-D34B-4823-A5EA-01D96BAD0DBB}.Debug|Win32.ActiveCfg = Debug|Win32
		{DB2449D8-D34B-4823-A5EA-01D96BAD0DBB}.Debug|Win32.Build.0 = Debug|Win32
		{DB2449D8-D34B-4823-A5EA-01D96BAD0DBB}.Release|Win32.ActiveCfg = Release|Win32
		{DB2449D8-D34B-4823-A5EA-01D96BAD0DBB}.Release|Win32.Build.0 = Release|Win32
		{DF4D10A4-6044-4E0F-81E3-C6A76468C224}.Debug|Win32.ActiveCfg = Debug|Win32
		{DF4D10A4-6044-4E0F-81E3-C6A76468C224}.Debug|Win32.Build.0 = Debug|Win32
		{DF4D10A4-6044-4E0F-81E3-C6A76468C224}.Release|Win32.ActiveCfg = Release|Win32
		{DF4D10A4-6044-4E0F-81E3-C6A76468C224}.Release|Win32.Build.0 = Release|Win32
		{B1307BF4-107B-4874-82BC-7C4344861CF7}.Debug|Win32.ActiveCfg = Debug|Win32
		{B1307BF4-107B-4874-82BC-7C4344861CF7}.Debug|Win32.Build.0 = Debug|Win32
		{B1307BF4-107B-4874-82BC-7C4344861CF7}.Release|Win32.ActiveCfg = Release|Win32
		{B1307BF4-107B-4874-82BC-7C4344861CF7}.Release|Win32.Build.0 = Release|Win32
		{82FF1D7A-4DB5-4558-8DC9-D92AA2E23D1C}.Debug|Win32.ActiveCfg = Debug|Win32
		{82FF1D7A-4DB5-4558-8DC9-D92AA2E23D1C}.Debug|Win32.Build.0 = Debug|Win32
		{82FF1D7A-4DB5-4558-8DC9-D92AA2E23D1C}.Release|Win32.ActiveCfg = Release|Win32
		{82FF1D7A-4DB5-4558-8DC9-D92AA2E23D1C}.Release|Win32.Build.0 = Release|Win32
		{DBE7CADD-5051-4681-93B3-53BD8E84023E}.Debug|Win32.ActiveCfg = Debug|Win32
		{DBE7CADD-5051-4681-93B3-53BD8E84023E}.Debug|Win32.Build.0 = Debug|Win32
		{DBE7CADD-5051-4681-93B3-53BD8E84023E}.Release|Win32.ActiveCfg = Release|Win32
		{DBE7CADD-5051-4681-93B3-53BD8E84023E}.Release|Win32.Build.0 = Release|Win32
		{34DFAA5A-C8CA-4AC9-8DDA-387FD2E2E6C7}.Debug|Win32.ActiveCfg = Debug|Win32
		{34DFAA5A-C8CA-4AC9-8DDA-387FD2E2E6C7}.Debug|Win32.Build.0 = Debug|Win32
		{34DFAA5A-C8CA-4AC9-8DDA-387FD2E2E6C7}.Release|Win32.ActiveCfg = Release|Win32
		{34DFAA5A-C8CA-4AC9-8DDA-387FD2E2E6C7}.Release|Win32.Build.0 = Release|Win32
		{745E3A1B-7854-4499-8D69-806639572FAC}.Debug|Win32.ActiveCfg = Debug|Win32
		{745E3A1B-7854-4499-8D69-806639572FAC}.Debug|Win32.Build.0 = Debug|Win32
		{745E3A1B-7854-4499-8D69-806639572FAC}.Release|Win32.ActiveCfg = Release|Win32
		{745E3A1B-7854-4499-8D69-806639572FAC}.Release|Win32.Build.0 = Release|Win32
		{173BCB70-1F14-4A2E-9254-D5A4364BAC6A}.Debug|Win32.ActiveCfg = Debug|Win32
		{173BCB70-1F14-4A2E-9254-D5A4364BAC6A}.Debug|Win32.Build.0 = Debug|Win32
		{173BCB70-1F14-4A2E-9254-D5A4364BAC6A}.Release|Win32.ActiveCfg = Release|Win32
		{173BCB70-1F14-4A2E-9254-D5A4364BAC6A}.Release|Win32.Build.0 = Release|Win32
		{36959CD0-08A8-4E17-A969-DB0F5F53D538}.Debug|Win32.ActiveCfg = Debug|Win32
		{36959CD0-08A8-4E17-A969-DB0F5F53D538}.Debug|Win32.Build.0 = Debug|Win32
		{36959CD0-08A8-4E17-A969-DB0F5F53D538}.Release|Win32.ActiveCfg = Release|Win32
		{36959CD0-08A8-4E17-A969-DB0F5F53D538}.Release|Win32.Build.0 = Release|Win32
	EndGlobalSection
	GlobalSection(SolutionProperties) = preSolution
		HideSolutionNode = FALSE
	EndGlobalSection
EndGlobal
