
Microsoft Visual Studio Solution File, Format Version 10.00
# Visual C++ Express 2008
Project("{8BC9CEB8-8B4A-11D0-8D11-00A0C91BC942}") = "antinspect", "antinspect.vcproj", "{1BEFEC37-6FBE-4191-8E44-93E5704D3333}"
EndProject
Project("{8BC9CEB8-8B4A-11D0-8D11-00A0C91BC942}") = "antmaze", "antmaze.vcproj", "{0B0C4A69-886D-494F-B653-91FA507BC1B8}"
EndProject
Project("{8BC9CEB8-8B4A-11D0-8D11-00A0C91BC942}") = "blinkbox", "blinkbox.vcproj", "{64CAEB3F-0B59-4257-928C-CCC4B9ECAA29}"
EndProject
Project("{8BC9CEB8-8B4A-11D0-8D11-00A0C91BC942}") = "cube21", "cube21.vcproj", "{17A7FEE0-B245-4294-BC37-DD5C116F5809}"
EndProject
Project("{8BC9CEB8-8B4A-11D0-8D11-00A0C91BC942}") = "cubicgrid", "cubicgrid.vcproj", "{DB4121BE-6505-4B4A-B7EE-665FD4829FD5}"
EndProject
Project("{8BC9CEB8-8B4A-11D0-8D11-00A0C91BC942}") = "endgame", "endgame.vcproj", "{17AC199A-185E-47FB-B629-A49C124241A7}"
EndProject
Project("{8BC9CEB8-8B4A-11D0-8D11-00A0C91BC942}") = "flurry", "flurry.vcproj", "{515ECD0E-8A3F-4FD4-A81C-FDD019F06F33}"
EndProject
Project("{8BC9CEB8-8B4A-11D0-8D11-00A0C91BC942}") = "gears", "gears.vcproj", "{0EC172D9-A22F-4AA7-BC8F-434F3BB628A2}"
EndProject
Project("{8BC9CEB8-8B4A-11D0-8D11-00A0C91BC942}") = "hypertorus", "hypertorus.vcproj", "{ACA3FCD0-E301-41CF-9164-722499DABD29}"
EndProject
Project("{8BC9CEB8-8B4A-11D0-8D11-00A0C91BC942}") = "klein", "klein.vcproj", "{3D7C2208-59BE-4130-A9ED-993A1ACE425A}"
EndProject
Project("{8BC9CEB8-8B4A-11D0-8D11-00A0C91BC942}") = "moebius", "moebius.vcproj", "{E89F64CD-FD69-4961-A992-5102162D1594}"
EndProject
Project("{8BC9CEB8-8B4A-11D0-8D11-00A0C91BC942}") = "moebiusgears", "moebiusgears.vcproj", "{E04CEA78-E798-41CB-B012-26691E6F2204}"
EndProject
Project("{8BC9CEB8-8B4A-11D0-8D11-00A0C91BC942}") = "morph3d", "morph3d.vcproj", "{DB2449D8-D34B-4823-A5EA-01D96BAD0DBB}"
EndProject
Project("{8BC9CEB8-8B4A-11D0-8D11-00A0C91BC942}") = "noof", "noof.vcproj", "{DF4D10A4-6044-4E0F-81E3-C6A76468C224}"
EndProject
Project("{8BC9CEB8-8B4A-11D0-8D11-00A0C91BC942}") = "polytopes", "polytopes.vcproj", "{B1307BF4-107B-4874-82BC-7C4344861CF7}"
EndProject
Project("{8BC9CEB8-8B4A-11D0-8D11-00A0C91BC942}") = "queens", "queens.vcproj", "{82FF1D7A-4DB5-4558-8DC9-D92AA2E23D1C}"
EndProject
Project("{8BC9CEB8-8B4A-11D0-8D11-00A0C91BC942}") = "rubikblocks", "rubikblocks.vcproj", "{DBE7CADD-5051-4681-93B3-53BD8E84023E}"
EndProject
Project("{8BC9CEB8-8B4A-11D0-8D11-00A0C91BC942}") = "sproingies", "sproingies.vcproj", "{34DFAA5A-C8CA-4AC9-8DDA-387FD2E2E6C7}"
EndProject
Project("{8BC9CEB8-8B4A-11D0-8D11-00A0C91BC942}") = "stonerview", "stonerview.vcproj", "{745E3A1B-7854-4499-8D69-806639572FAC}"
EndProject
Project("{8BC9CEB8-8B4A-11D0-8D11-00A0C91BC942}") = "superquadrics", "superquadrics.vcproj", "{173BCB70-1F14-4A2E-9254-D5A4364BAC6A}"
EndProject
Project("{8BC9CEB8-8B4A-11D0-8D11-00A0C91BC942}") = "surfaces", "surfaces.vcproj", "{36959CD0-08A8-4E17-A969-DB0F5F53D538}"
EndProject
Project("{8BC9CEB8-8B4A-11D0-8D11-00A0C91BC942}") = "boxed", "boxed.vcproj", "{11AF2B13-6DED-4387-812D-CBEC59804297}"
EndProject
Project("{8BC9CEB8-8B4A-11D0-8D11-00A0C91BC942}") = "crackberg", "crackberg.vcproj", "{4A910266-79C4-4507-B518-5D2826580849}"
EndProject
Project("{8BC9CEB8-8B4A-11D0-8D11-00A0C91BC942}") = "glcells", "glcells.vcproj", "{AE745245-6691-40DD-9973-E6AA0792388A}"
EndProject
Project("{8BC9CEB8-8B4A-11D0-8D11-00A0C91BC942}") = "glhanoi", "glhanoi.vcproj", "{F2774C11-75A6-492B-A851-0C48534143E5}"
EndProject
Project("{8BC9CEB8-8B4A-11D0-8D11-00A0C91BC942}") = "glschool", "glschool.vcproj", "{3613F789-0258-4473-B1B6-9511380D74B0}"
EndProject
Project("{8BC9CEB8-8B4A-11D0-8D11-00A0C91BC942}") = "hilbert", "hilbert.vcproj", "{F974FC93-65B0-4F86-B83D-E929FC762214}"
EndProject
Project("{8BC9CEB8-8B4A-11D0-8D11-00A0C91BC942}") = "pipes", "pipes.vcproj", "{B1100DC9-45C8-4C58-B30F-D4AF0F92B7FE}"
EndProject
Project("{8BC9CEB8-8B4A-11D0-8D11-00A0C91BC942}") = "sierpinski3d", "sierpinski3d.vcproj", "{D7519E09-2D2F-4425-9F9B-76B6F748A0E8}"
EndProject
Project("{8BC9CEB8-8B4A-11D0-8D11-00A0C91BC942}") = "topblock", "topblock.vcproj", "{A78F0090-A211-4D4C-AC9F-1E9120D0E2E8}"
EndProject
Project("{8BC9CEB8-8B4A-11D0-8D11-00A0C91BC942}") = "providence", "providence.vcproj", "{4507A7D2-39DD-4BC6-B349-7771F84D7A05}"
EndProject
Project("{8BC9CEB8-8B4A-11D0-8D11-00A0C91BC942}") = "voronoi", "voronoi.vcproj", "{95070B8F-0164-438F-8D89-CCE2452A72DA}"
EndProject
Project("{8BC9CEB8-8B4A-11D0-8D11-00A0C91BC942}") = "stairs", "stairs.vcproj", "{6195E4AE-0AF7-4C3F-AEF3-35B53BE6CE4F}"
EndProject
Project("{8BC9CEB8-8B4A-11D0-8D11-00A0C91BC942}") = "atlantis", "atlantis.vcproj", "{8638C0B4-A240-4483-B002-33D9E64A9A69}"
EndProject
Project("{8BC9CEB8-8B4A-11D0-8D11-00A0C91BC942}") = "hypnowheel", "hypnowheel.vcproj", "{6E405558-55DA-4947-8B4B-83F0FD046159}"
EndProject
Project("{8BC9CEB8-8B4A-11D0-8D11-00A0C91BC942}") = "menger", "menger.vcproj", "{D6727F0A-34D9-48BF-B969-CD11E45CF7D0}"
EndProject
Project("{8BC9CEB8-8B4A-11D0-8D11-00A0C91BC942}") = "cubenetic", "cubenetic.vcproj", "{0596B868-A3FB-477B-923E-83680B6F1EB0}"
EndProject
Project("{8BC9CEB8-8B4A-11D0-8D11-00A0C91BC942}") = "dangerball", "dangerball.vcproj", "{7F13C140-6CB8-44D6-9621-D286EBF2269A}"
EndProject
Project("{8BC9CEB8-8B4A-11D0-8D11-00A0C91BC942}") = "glblur", "glblur.vcproj", "{9EEB6377-1F41-4770-AF66-EED120145602}"
EndProject
Project("{8BC9CEB8-8B4A-11D0-8D11-00A0C91BC942}") = "glknots", "glknots.vcproj", "{033DBE2A-89F2-4DEC-89B0-65CD8EB98F3D}"
EndProject
Project("{8BC9CEB8-8B4A-11D0-8D11-00A0C91BC942}") = "kaleidocycle", "kaleidocycle.vcproj", "{99523AFF-872D-40F2-B3F2-5F77BB356024}"
EndProject
Project("{8BC9CEB8-8B4A-11D0-8D11-00A0C91BC942}") = "lockward", "lockward.vcproj", "{627152C6-57FE-4328-8DEC-203718FC433F}"
EndProject
Project("{8BC9CEB8-8B4A-11D0-8D11-00A0C91BC942}") = "quasicrystal", "quasicrystal.vcproj", "{D7DEF5D7-1FDC-491F-BFBE-39D0A9677CC7}"
EndProject
Project("{8BC9CEB8-8B4A-11D0-8D11-00A0C91BC942}") = "unknownpleasures", "unknownpleasures.vcproj", "{B5891F89-8B05-4BEE-8672-5F6162D84C76}"
EndProject
Project("{8BC9CEB8-8B4A-11D0-8D11-00A0C91BC942}") = "tronbit", "tronbit.vcproj", "{D55631CD-5169-4DAE-9736-4A51C24E602A}"
EndProject
Global
	GlobalSection(SolutionConfigurationPlatforms) = preSolution
		Debug|Win32 = Debug|Win32
		Release|Win32 = Release|Win32
	EndGlobalSection
	GlobalSection(ProjectConfigurationPlatforms) = postSolution
		{1BEFEC37-6FBE-4191-8E44-93E5704D3333}.Debug|Win32.ActiveCfg = Debug|Win32
		{1BEFEC37-6FBE-4191-8E44-93E5704D3333}.Debug|Win32.Build.0 = Debug|Win32
		{1BEFEC37-6FBE-4191-8E44-93E5704D3333}.Release|Win32.ActiveCfg = Release|Win32
		{1BEFEC37-6FBE-4191-8E44-93E5704D3333}.Release|Win32.Build.0 = Release|Win32
		{0B0C4A69-886D-494F-B653-91FA507BC1B8}.Debug|Win32.ActiveCfg = Debug|Win32
		{0B0C4A69-886D-494F-B653-91FA507BC1B8}.Debug|Win32.Build.0 = Debug|Win32
		{0B0C4A69-886D-494F-B653-91FA507BC1B8}.Release|Win32.ActiveCfg = Release|Win32
		{0B0C4A69-886D-494F-B653-91FA507BC1B8}.Release|Win32.Build.0 = Release|Win32
		{64CAEB3F-0B59-4257-928C-CCC4B9ECAA29}.Debug|Win32.ActiveCfg = Debug|Win32
		{64CAEB3F-0B59-4257-928C-CCC4B9ECAA29}.Debug|Win32.Build.0 = Debug|Win32
		{64CAEB3F-0B59-4257-928C-CCC4B9ECAA29}.Release|Win32.ActiveCfg = Release|Win32
		{64CAEB3F-0B59-4257-928C-CCC4B9ECAA29}.Release|Win32.Build.0 = Release|Win32
		{17A7FEE0-B245-4294-BC37-DD5C116F5809}.Debug|Win32.ActiveCfg = Debug|Win32
		{17A7FEE0-B245-4294-BC37-DD5C116F5809}.Debug|Win32.Build.0 = Debug|Win32
		{17A7FEE0-B245-4294-BC37-DD5C116F5809}.Release|Win32.ActiveCfg = Release|Win32
		{17A7FEE0-B245-4294-BC37-DD5C116F5809}.Release|Win32.Build.0 = Release|Win32
		{DB4121BE-6505-4B4A-B7EE-665FD4829FD5}.Debug|Win32.ActiveCfg = Debug|Win32
		{DB4121BE-6505-4B4A-B7EE-665FD4829FD5}.Debug|Win32.Build.0 = Debug|Win32
		{DB4121BE-6505-4B4A-B7EE-665FD4829FD5}.Release|Win32.ActiveCfg = Release|Win32
		{DB4121BE-6505-4B4A-B7EE-665FD4829FD5}.Release|Win32.Build.0 = Release|Win32
		{17AC199A-185E-47FB-B629-A49C124241A7}.Debug|Win32.ActiveCfg = Debug|Win32
		{17AC199A-185E-47FB-B629-A49C124241A7}.Debug|Win32.Build.0 = Debug|Win32
		{17AC199A-185E-47FB-B629-A49C124241A7}.Release|Win32.ActiveCfg = Release|Win32
		{17AC199A-185E-47FB-B629-A49C124241A7}.Release|Win32.Build.0 = Release|Win32
		{515ECD0E-8A3F-4FD4-A81C-FDD019F06F33}.Debug|Win32.ActiveCfg = Debug|Win32
		{515ECD0E-8A3F-4FD4-A81C-FDD019F06F33}.Debug|Win32.Build.0 = Debug|Win32
		{515ECD0E-8A3F-4FD4-A81C-FDD019F06F33}.Release|Win32.ActiveCfg = Release|Win32
		{515ECD0E-8A3F-4FD4-A81C-FDD019F06F33}.Release|Win32.Build.0 = Release|Win32
		{0EC172D9-A22F-4AA7-BC8F-434F3BB628A2}.Debug|Win32.ActiveCfg = Debug|Win32
		{0EC172D9-A22F-4AA7-BC8F-434F3BB628A2}.Debug|Win32.Build.0 = Debug|Win32
		{0EC172D9-A22F-4AA7-BC8F-434F3BB628A2}.Release|Win32.ActiveCfg = Release|Win32
		{0EC172D9-A22F-4AA7-BC8F-434F3BB628A2}.Release|Win32.Build.0 = Release|Win32
		{ACA3FCD0-E301-41CF-9164-722499DABD29}.Debug|Win32.ActiveCfg = Debug|Win32
		{ACA3FCD0-E301-41CF-9164-722499DABD29}.Debug|Win32.Build.0 = Debug|Win32
		{ACA3FCD0-E301-41CF-9164-722499DABD29}.Release|Win32.ActiveCfg = Release|Win32
		{ACA3FCD0-E301-41CF-9164-722499DABD29}.Release|Win32.Build.0 = Release|Win32
		{3D7C2208-59BE-4130-A9ED-993A1ACE425A}.Debug|Win32.ActiveCfg = Debug|Win32
		{3D7C2208-59BE-4130-A9ED-993A1ACE425A}.Debug|Win32.Build.0 = Debug|Win32
		{3D7C2208-59BE-4130-A9ED-993A1ACE425A}.Release|Win32.ActiveCfg = Release|Win32
		{3D7C2208-59BE-4130-A9ED-993A1ACE425A}.Release|Win32.Build.0 = Release|Win32
		{E89F64CD-FD69-4961-A992-5102162D1594}.Debug|Win32.ActiveCfg = Debug|Win32
		{E89F64CD-FD69-4961-A992-5102162D1594}.Debug|Win32.Build.0 = Debug|Win32
		{E89F64CD-FD69-4961-A992-5102162D1594}.Release|Win32.ActiveCfg = Release|Win32
		{E89F64CD-FD69-4961-A992-5102162D1594}.Release|Win32.Build.0 = Release|Win32
		{E04CEA78-E798-41CB-B012-26691E6F2204}.Debug|Win32.ActiveCfg = Debug|Win32
		{E04CEA78-E798-41CB-B012-26691E6F2204}.Debug|Win32.Build.0 = Debug|Win32
		{E04CEA78-E798-41CB-B012-26691E6F2204}.Release|Win32.ActiveCfg = Release|Win32
		{E04CEA78-E798-41CB-B012-26691E6F2204}.Release|Win32.Build.0 = Release|Win32
		{DB2449D8-D34B-4823-A5EA-01D96BAD0DBB}.Debug|Win32.ActiveCfg = Debug|Win32
		{DB2449D8-D34B-4823-A5EA-01D96BAD0DBB}.Debug|Win32.Build.0 = Debug|Win32
		{DB2449D8-D34B-4823-A5EA-01D96BAD0DBB}.Release|Win32.ActiveCfg = Release|Win32
		{DB2449D8-D34B-4823-A5EA-01D96BAD0DBB}.Release|Win32.Build.0 = Release|Win32
		{DF4D10A4-6044-4E0F-81E3-C6A76468C224}.Debug|Win32.ActiveCfg = Debug|Win32
		{DF4D10A4-6044-4E0F-81E3-C6A76468C224}.Debug|Win32.Build.0 = Debug|Win32
		{DF4D10A4-6044-4E0F-81E3-C6A76468C224}.Release|Win32.ActiveCfg = Release|Win32
		{DF4D10A4-6044-4E0F-81E3-C6A76468C224}.Release|Win32.Build.0 = Release|Win32
		{B1307BF4-107B-4874-82BC-7C4344861CF7}.Debug|Win32.ActiveCfg = Debug|Win32
		{B1307BF4-107B-4874-82BC-7C4344861CF7}.Debug|Win32.Build.0 = Debug|Win32
		{B1307BF4-107B-4874-82BC-7C4344861CF7}.Release|Win32.ActiveCfg = Release|Win32
		{B1307BF4-107B-4874-82BC-7C4344861CF7}.Release|Win32.Build.0 = Release|Win32
		{82FF1D7A-4DB5-4558-8DC9-D92AA2E23D1C}.Debug|Win32.ActiveCfg = Debug|Win32
		{82FF1D7A-4DB5-4558-8DC9-D92AA2E23D1C}.Debug|Win32.Build.0 = Debug|Win32
		{82FF1D7A-4DB5-4558-8DC9-D92AA2E23D1C}.Release|Win32.ActiveCfg = Release|Win32
		{82FF1D7A-4DB5-4558-8DC9-D92AA2E23D1C}.Release|Win32.Build.0 = Release|Win32
		{DBE7CADD-5051-4681-93B3-53BD8E84023E}.Debug|Win32.ActiveCfg = Debug|Win32
		{DBE7CADD-5051-4681-93B3-53BD8E84023E}.Debug|Win32.Build.0 = Debug|Win32
		{DBE7CADD-5051-4681-93B3-53BD8E84023E}.Release|Win32.ActiveCfg = Release|Win32
		{DBE7CADD-5051-4681-93B3-53BD8E84023E}.Release|Win32.Build.0 = Release|Win32
		{34DFAA5A-C8CA-4AC9-8DDA-387FD2E2E6C7}.Debug|Win32.ActiveCfg = Debug|Win32
		{34DFAA5A-C8CA-4AC9-8DDA-387FD2E2E6C7}.Debug|Win32.Build.0 = Debug|Win32
		{34DFAA5A-C8CA-4AC9-8DDA-387FD2E2E6C7}.Release|Win32.ActiveCfg = Release|Win32
		{34DFAA5A-C8CA-4AC9-8DDA-387FD2E2E6C7}.Release|Win32.Build.0 = Release|Win32
		{745E3A1B-7854-4499-8D69-806639572FAC}.Debug|Win32.ActiveCfg = Debug|Win32
		{745E3A1B-7854-4499-8D69-806639572FAC}.Debug|Win32.Build.0 = Debug|Win32
		{745E3A1B-7854-4499-8D69-806639572FAC}.Release|Win32.ActiveCfg = Release|Win32
		{745E3A1B-7854-4499-8D69-806639572FAC}.Release|Win32.Build.0 = Release|Win32
		{173BCB70-1F14-4A2E-9254-D5A4364BAC6A}.Debug|Win32.ActiveCfg = Debug|Win32
		{173BCB70-1F14-4A2E-9254-D5A4364BAC6A}.Debug|Win32.Build.0 = Debug|Win32
		{173BCB70-1F14-4A2E-9254-D5A4364BAC6A}.Release|Win32.ActiveCfg = Release|Win32
		{173BCB70-1F14-4A2E-9254-D5A4364BAC6A}.Release|Win32.Build.0 = Release|Win32
		{36959CD0-08A8-4E17-A969-DB0F5F53D538}.Debug|Win32.ActiveCfg = Debug|Win32
		{36959CD0-08A8-4E17-A969-DB0F5F53D538}.Debug|Win32.Build.0 = Debug|Win32
		{36959CD0-08A8-4E17-A969-DB0F5F53D538}.Release|Win32.ActiveCfg = Release|Win32
		{36959CD0-08A8-4E17-A969-DB0F5F53D538}.Release|Win32.Build.0 = Release|Win32
		{11AF2B13-6DED-4387-812D-CBEC59804297}.Debug|Win32.ActiveCfg = Debug|Win32
		{11AF2B13-6DED-4387-812D-CBEC59804297}.Debug|Win32.Build.0 = Debug|Win32
		{11AF2B13-6DED-4387-812D-CBEC59804297}.Release|Win32.ActiveCfg = Release|Win32
		{11AF2B13-6DED-4387-812D-CBEC59804297}.Release|Win32.Build.0 = Release|Win32
		{4A910266-79C4-4507-B518-5D2826580849}.Debug|Win32.ActiveCfg = Debug|Win32
		{4A910266-79C4-4507-B518-5D2826580849}.Debug|Win32.Build.0 = Debug|Win32
		{4A910266-79C4-4507-B518-5D2826580849}.Release|Win32.ActiveCfg = Release|Win32
		{4A910266-79C4-4507-B518-5D2826580849}.Release|Win32.Build.0 = Release|Win32
		{AE745245-6691-40DD-9973-E6AA0792388A}.Debug|Win32.ActiveCfg = Debug|Win32
		{AE745245-6691-40DD-9973-E6AA0792388A}.Debug|Win32.Build.0 = Debug|Win32
		{AE745245-6691-40DD-9973-E6AA0792388A}.Release|Win32.ActiveCfg = Release|Win32
		{AE745245-6691-40DD-9973-E6AA0792388A}.Release|Win32.Build.0 = Release|Win32
		{F2774C11-75A6-492B-A851-0C48534143E5}.Debug|Win32.ActiveCfg = Debug|Win32
		{F2774C11-75A6-492B-A851-0C48534143E5}.Debug|Win32.Build.0 = Debug|Win32
		{F2774C11-75A6-492B-A851-0C48534143E5}.Release|Win32.ActiveCfg = Release|Win32
		{F2774C11-75A6-492B-A851-0C48534143E5}.Release|Win32.Build.0 = Release|Win32
		{3613F789-0258-4473-B1B6-9511380D74B0}.Debug|Win32.ActiveCfg = Debug|Win32
		{3613F789-0258-4473-B1B6-9511380D74B0}.Debug|Win32.Build.0 = Debug|Win32
		{3613F789-0258-4473-B1B6-9511380D74B0}.Release|Win32.ActiveCfg = Release|Win32
		{3613F789-0258-4473-B1B6-9511380D74B0}.Release|Win32.Build.0 = Release|Win32
		{F974FC93-65B0-4F86-B83D-E929FC762214}.Debug|Win32.ActiveCfg = Debug|Win32
		{F974FC93-65B0-4F86-B83D-E929FC762214}.Debug|Win32.Build.0 = Debug|Win32
		{F974FC93-65B0-4F86-B83D-E929FC762214}.Release|Win32.ActiveCfg = Release|Win32
		{F974FC93-65B0-4F86-B83D-E929FC762214}.Release|Win32.Build.0 = Release|Win32
		{B1100DC9-45C8-4C58-B30F-D4AF0F92B7FE}.Debug|Win32.ActiveCfg = Debug|Win32
		{B1100DC9-45C8-4C58-B30F-D4AF0F92B7FE}.Debug|Win32.Build.0 = Debug|Win32
		{B1100DC9-45C8-4C58-B30F-D4AF0F92B7FE}.Release|Win32.ActiveCfg = Release|Win32
		{B1100DC9-45C8-4C58-B30F-D4AF0F92B7FE}.Release|Win32.Build.0 = Release|Win32
		{D7519E09-2D2F-4425-9F9B-76B6F748A0E8}.Debug|Win32.ActiveCfg = Debug|Win32
		{D7519E09-2D2F-4425-9F9B-76B6F748A0E8}.Debug|Win32.Build.0 = Debug|Win32
		{D7519E09-2D2F-4425-9F9B-76B6F748A0E8}.Release|Win32.ActiveCfg = Release|Win32
		{D7519E09-2D2F-4425-9F9B-76B6F748A0E8}.Release|Win32.Build.0 = Release|Win32
		{A78F0090-A211-4D4C-AC9F-1E9120D0E2E8}.Debug|Win32.ActiveCfg = Debug|Win32
		{A78F0090-A211-4D4C-AC9F-1E9120D0E2E8}.Debug|Win32.Build.0 = Debug|Win32
		{A78F0090-A211-4D4C-AC9F-1E9120D0E2E8}.Release|Win32.ActiveCfg = Release|Win32
		{A78F0090-A211-4D4C-AC9F-1E9120D0E2E8}.Release|Win32.Build.0 = Release|Win32
		{4507A7D2-39DD-4BC6-B349-7771F84D7A05}.Debug|Win32.ActiveCfg = Debug|Win32
		{4507A7D2-39DD-4BC6-B349-7771F84D7A05}.Debug|Win32.Build.0 = Debug|Win32
		{4507A7D2-39DD-4BC6-B349-7771F84D7A05}.Release|Win32.ActiveCfg = Release|Win32
		{4507A7D2-39DD-4BC6-B349-7771F84D7A05}.Release|Win32.Build.0 = Release|Win32
		{95070B8F-0164-438F-8D89-CCE2452A72DA}.Debug|Win32.ActiveCfg = Debug|Win32
		{95070B8F-0164-438F-8D89-CCE2452A72DA}.Debug|Win32.Build.0 = Debug|Win32
		{95070B8F-0164-438F-8D89-CCE2452A72DA}.Release|Win32.ActiveCfg = Release|Win32
		{95070B8F-0164-438F-8D89-CCE2452A72DA}.Release|Win32.Build.0 = Release|Win32
		{6195E4AE-0AF7-4C3F-AEF3-35B53BE6CE4F}.Debug|Win32.ActiveCfg = Debug|Win32
		{6195E4AE-0AF7-4C3F-AEF3-35B53BE6CE4F}.Debug|Win32.Build.0 = Debug|Win32
		{6195E4AE-0AF7-4C3F-AEF3-35B53BE6CE4F}.Release|Win32.ActiveCfg = Release|Win32
		{6195E4AE-0AF7-4C3F-AEF3-35B53BE6CE4F}.Release|Win32.Build.0 = Release|Win32
		{8638C0B4-A240-4483-B002-33D9E64A9A69}.Debug|Win32.ActiveCfg = Debug|Win32
		{8638C0B4-A240-4483-B002-33D9E64A9A69}.Debug|Win32.Build.0 = Debug|Win32
		{8638C0B4-A240-4483-B002-33D9E64A9A69}.Release|Win32.ActiveCfg = Release|Win32
		{8638C0B4-A240-4483-B002-33D9E64A9A69}.Release|Win32.Build.0 = Release|Win32
		{6E405558-55DA-4947-8B4B-83F0FD046159}.Debug|Win32.ActiveCfg = Debug|Win32
		{6E405558-55DA-4947-8B4B-83F0FD046159}.Debug|Win32.Build.0 = Debug|Win32
		{6E405558-55DA-4947-8B4B-83F0FD046159}.Release|Win32.ActiveCfg = Release|Win32
		{6E405558-55DA-4947-8B4B-83F0FD046159}.Release|Win32.Build.0 = Release|Win32
		{D6727F0A-34D9-48BF-B969-CD11E45CF7D0}.Debug|Win32.ActiveCfg = Debug|Win32
		{D6727F0A-34D9-48BF-B969-CD11E45CF7D0}.Debug|Win32.Build.0 = Debug|Win32
		{D6727F0A-34D9-48BF-B969-CD11E45CF7D0}.Release|Win32.ActiveCfg = Release|Win32
		{D6727F0A-34D9-48BF-B969-CD11E45CF7D0}.Release|Win32.Build.0 = Release|Win32
		{0596B868-A3FB-477B-923E-83680B6F1EB0}.Debug|Win32.ActiveCfg = Debug|Win32
		{0596B868-A3FB-477B-923E-83680B6F1EB0}.Debug|Win32.Build.0 = Debug|Win32
		{0596B868-A3FB-477B-923E-83680B6F1EB0}.Release|Win32.ActiveCfg = Release|Win32
		{0596B868-A3FB-477B-923E-83680B6F1EB0}.Release|Win32.Build.0 = Release|Win32
		{7F13C140-6CB8-44D6-9621-D286EBF2269A}.Debug|Win32.ActiveCfg = Debug|Win32
		{7F13C140-6CB8-44D6-9621-D286EBF2269A}.Debug|Win32.Build.0 = Debug|Win32
		{7F13C140-6CB8-44D6-9621-D286EBF2269A}.Release|Win32.ActiveCfg = Release|Win32
		{7F13C140-6CB8-44D6-9621-D286EBF2269A}.Release|Win32.Build.0 = Release|Win32
		{9EEB6377-1F41-4770-AF66-EED120145602}.Debug|Win32.ActiveCfg = Debug|Win32
		{9EEB6377-1F41-4770-AF66-EED120145602}.Debug|Win32.Build.0 = Debug|Win32
		{9EEB6377-1F41-4770-AF66-EED120145602}.Release|Win32.ActiveCfg = Release|Win32
		{9EEB6377-1F41-4770-AF66-EED120145602}.Release|Win32.Build.0 = Release|Win32
		{033DBE2A-89F2-4DEC-89B0-65CD8EB98F3D}.Debug|Win32.ActiveCfg = Debug|Win32
		{033DBE2A-89F2-4DEC-89B0-65CD8EB98F3D}.Debug|Win32.Build.0 = Debug|Win32
		{033DBE2A-89F2-4DEC-89B0-65CD8EB98F3D}.Release|Win32.ActiveCfg = Release|Win32
		{033DBE2A-89F2-4DEC-89B0-65CD8EB98F3D}.Release|Win32.Build.0 = Release|Win32
		{99523AFF-872D-40F2-B3F2-5F77BB356024}.Debug|Win32.ActiveCfg = Debug|Win32
		{99523AFF-872D-40F2-B3F2-5F77BB356024}.Debug|Win32.Build.0 = Debug|Win32
		{99523AFF-872D-40F2-B3F2-5F77BB356024}.Release|Win32.ActiveCfg = Release|Win32
		{99523AFF-872D-40F2-B3F2-5F77BB356024}.Release|Win32.Build.0 = Release|Win32
		{627152C6-57FE-4328-8DEC-203718FC433F}.Debug|Win32.ActiveCfg = Debug|Win32
		{627152C6-57FE-4328-8DEC-203718FC433F}.Debug|Win32.Build.0 = Debug|Win32
		{627152C6-57FE-4328-8DEC-203718FC433F}.Release|Win32.ActiveCfg = Release|Win32
		{627152C6-57FE-4328-8DEC-203718FC433F}.Release|Win32.Build.0 = Release|Win32
		{D7DEF5D7-1FDC-491F-BFBE-39D0A9677CC7}.Debug|Win32.ActiveCfg = Debug|Win32
		{D7DEF5D7-1FDC-491F-BFBE-39D0A9677CC7}.Debug|Win32.Build.0 = Debug|Win32
		{D7DEF5D7-1FDC-491F-BFBE-39D0A9677CC7}.Release|Win32.ActiveCfg = Release|Win32
		{D7DEF5D7-1FDC-491F-BFBE-39D0A9677CC7}.Release|Win32.Build.0 = Release|Win32
		{B5891F89-8B05-4BEE-8672-5F6162D84C76}.Debug|Win32.ActiveCfg = Debug|Win32
		{B5891F89-8B05-4BEE-8672-5F6162D84C76}.Debug|Win32.Build.0 = Debug|Win32
		{B5891F89-8B05-4BEE-8672-5F6162D84C76}.Release|Win32.ActiveCfg = Release|Win32
		{B5891F89-8B05-4BEE-8672-5F6162D84C76}.Release|Win32.Build.0 = Release|Win32
		{D55631CD-5169-4DAE-9736-4A51C24E602A}.Debug|Win32.ActiveCfg = Debug|Win32
		{D55631CD-5169-4DAE-9736-4A51C24E602A}.Debug|Win32.Build.0 = Debug|Win32
		{D55631CD-5169-4DAE-9736-4A51C24E602A}.Release|Win32.ActiveCfg = Release|Win32
		{D55631CD-5169-4DAE-9736-4A51C24E602A}.Release|Win32.Build.0 = Release|Win32
	EndGlobalSection
	GlobalSection(SolutionProperties) = preSolution
		HideSolutionNode = FALSE
	EndGlobalSection
EndGlobal
