
Microsoft Visual Studio Solution File, Format Version 10.00
# Visual C++ Express 2008
Project("{8BC9CEB8-8B4A-11D0-8D11-00A0C91BC942}") = "antinspect", "antinspect.vcproj", "{1BEFEC37-6FBE-4191-8E44-93E5704D3333}"
EndProject
Project("{8BC9CEB8-8B4A-11D0-8D11-00A0C91BC942}") = "antmaze", "antmaze.vcproj", "{0B0C4A69-886D-494F-B653-91FA507BC1B8}"
EndProject
Project("{8BC9CEB8-8B4A-11D0-8D11-00A0C91BC942}") = "blinkbox", "blinkbox.vcproj", "{64CAEB3F-0B59-4257-928C-CCC4B9ECAA29}"
EndProject
Project("{8BC9CEB8-8B4A-11D0-8D11-00A0C91BC942}") = "cube21", "cube21.vcproj", "{17A7FEE0-B245-4294-BC37-DD5C116F5809}"
EndProject
Project("{8BC9CEB8-8B4A-11D0-8D11-00A0C91BC942}") = "cubicgrid", "cubicgrid.vcproj", "{DB4121BE-6505-4B4A-B7EE-665FD4829FD5}"
EndProject
Project("{8BC9CEB8-8B4A-11D0-8D11-00A0C91BC942}") = "endgame", "endgame.vcproj", "{17AC199A-185E-47FB-B629-A49C124241A7}"
EndProject
Project("{8BC9CEB8-8B4A-11D0-8D11-00A0C91BC942}") = "flurry", "flurry.vcproj", "{515ECD0E-8A3F-4FD4-A81C-FDD019F06F33}"
EndProject
Project("{8BC9CEB8-8B4A-11D0-8D11-00A0C91BC942}") = "gears", "gears.vcproj", "{0EC172D9-A22F-4AA7-BC8F-434F3BB628A2}"
EndProject
Project("{8BC9CEB8-8B4A-11D0-8D11-00A0C91BC942}") = "hypertorus", "hypertorus.vcproj", "{ACA3FCD0-E301-41CF-9164-722499DABD29}"
EndProject
Project("{8BC9CEB8-8B4A-11D0-8D11-00A0C91BC942}") = "klein", "klein.vcproj", "{3D7C2208-59BE-4130-A9ED-993A1ACE425A}"
EndProject
Project("{8BC9CEB8-8B4A-11D0-8D11-00A0C91BC942}") = "moebius", "moebius.vcproj", "{E89F64CD-FD69-4961-A992-5102162D1594}"
EndProject
Project("{8BC9CEB8-8B4A-11D0-8D11-00A0C91BC942}") = "moebiusgears", "moebiusgears.vcproj", "{E04CEA78-E798-41CB-B012-26691E6F2204}"
EndProject
Project("{8BC9CEB8-8B4A-11D0-8D11-00A0C91BC942}") = "morph3d", "morph3d.vcproj", "{DB2449D8-D34B-4823-A5EA-01D96BAD0DBB}"
EndProject
Project("{8BC9CEB8-8B4A-11D0-8D11-00A0C91BC942}") = "noof", "noof.vcproj", "{DF4D10A4-6044-4E0F-81E3-C6A76468C224}"
EndProject
Project("{8BC9CEB8-8B4A-11D0-8D11-00A0C91BC942}") = "polytopes", "polytopes.vcproj", "{B1307BF4-107B-4874-82BC-7C4344861CF7}"
EndProject
Project("{8BC9CEB8-8B4A-11D0-8D11-00A0C91BC942}") = "queens", "queens.vcproj", "{82FF1D7A-4DB5-4558-8DC9-D92AA2E23D1C}"
EndProject
Project("{8BC9CEB8-8B4A-11D0-8D11-00A0C91BC942}") = "rubikblocks", "rubikblocks.vcproj", "{DBE7CADD-5051-4681-93B3-53BD8E84023E}"
EndProject
Project("{8BC9CEB8-8B4A-11D0-8D11-00A0C91BC942}") = "sproingies", "sproingies.vcproj", "{34DFAA5A-C8CA-4AC9-8DDA-387FD2E2E6C7}"
EndProject
Project("{8BC9CEB8-8B4A-11D0-8D11-00A0C91BC942}") = "stonerview", "stonerview.vcproj", "{745E3A1B-7854-4499-8D69-806639572FAC}"
EndProject
Project("{8BC9CEB8-8B4A-11D0-8D11-00A0C91BC942}") = "superquadrics", "superquadrics.vcproj", "{173BCB70-1F14-4A2E-9254-D5A4364BAC6A}"
EndProject
Project("{8BC9CEB8-8B4A-11D0-8D11-00A0C91BC942}") = "surfaces", "surfaces.vcproj", "{36959CD0-08A8-4E17-A969-DB0F5F53D538}"
EndProject
Project("{8BC9CEB8-8B4A-11D0-8D11-00A0C91BC942}") = "boxed", "boxed.vcproj", "{11AF2B13-6DED-4387-812D-CBEC59804297}"
EndProject
Project("{8BC9CEB8-8B4A-11D0-8D11-00A0C91BC942}") = "crackberg", "crackberg.vcproj", "{4A910266-79C4-4507-B518-5D2826580849}"
EndProject
Project("{8BC9CEB8-8B4A-11D0-8D11-00A0C91BC942}") = "glcells", "glcells.vcproj", "{AE745245-6691-40DD-9973-E6AA0792388A}"
EndProject
Project("{8BC9CEB8-8B4A-11D0-8D11-00A0C91BC942}") = "glhanoi", "glhanoi.vcproj", "{F2774C11-75A6-492B-A851-0C48534143E5}"
EndProject
Project("{8BC9CEB8-8B4A-11D0-8D11-00A0C91BC942}") = "glschool", "glschool.vcproj", "{3613F789-0258-4473-B1B6-9511380D74B0}"
EndProject
Project("{8BC9CEB8-8B4A-11D0-8D11-00A0C91BC942}") = "hilbert", "hilbert.vcproj", "{F974FC93-65B0-4F86-B83D-E929FC762214}"
EndProject
Project("{8BC9CEB8-8B4A-11D0-8D11-00A0C91BC942}") = "pipes", "pipes.vcproj", "{B1100DC9-45C8-4C58-B30F-D4AF0F92B7FE}"
EndProject
Project("{8BC9CEB8-8B4A-11D0-8D11-00A0C91BC942}") = "sierpinski3d", "sierpinski3d.vcproj", "{D7519E09-2D2F-4425-9F9B-76B6F748A0E8}"
EndProject
Project("{8BC9CEB8-8B4A-11D0-8D11-00A0C91BC942}") = "topblock", "topblock.vcproj", "{A78F0090-A211-4D4C-AC9F-1E9120D0E2E8}"
EndProject
Project("{8BC9CEB8-8B4A-11D0-8D11-00A0C91BC942}") = "providence", "providence.vcproj", "{4507A7D2-39DD-4BC6-B349-7771F84D7A05}"
EndProject
Project("{8BC9CEB8-8B4A-11D0-8D11-00A0C91BC942}") = "voronoi", "voronoi.vcproj", "{95070B8F-0164-438F-8D89-CCE2452A72DA}"
EndProject
Project("{8BC9CEB8-8B4A-11D0-8D11-00A0C91BC942}") = "stairs", "stairs.vcproj", "{6195E4AE-0AF7-4C3F-AEF3-35B53BE6CE4F}"
EndProject
Project("{8BC9CEB8-8B4A-11D0-8D11-00A0C91BC942}") = "atlantis", "atlantis.vcproj", "{8638C0B4-A240-4483-B002-33D9E64A9A69}"
EndProject
Project("{8BC9CEB8-8B4A-11D0-8D11-00A0C91BC942}") = "hypnowheel", "hypnowheel.vcproj", "{6E405558-55DA-4947-8B4B-83F0FD046159}"
EndProject
Project("{8BC9CEB8-8B4A-11D0-8D11-00A0C91BC942}") = "menger", "menger.vcproj", "{D6727F0A-34D9-48BF-B969-CD11E45CF7D0}"
EndProject
Project("{8BC9CEB8-8B4A-11D0-8D11-00A0C91BC942}") = "cubenetic", "cubenetic.vcproj", "{0596B868-A3FB-477B-923E-83680B6F1EB0}"
EndProject
Project("{8BC9CEB8-8B4A-11D0-8D11-00A0C91BC942}") = "dangerball", "dangerball.vcproj", "{7F13C140-6CB8-44D6-9621-D286EBF2269A}"
EndProject
Project("{8BC9CEB8-8B4A-11D0-8D11-00A0C91BC942}") = "glblur", "glblur.vcproj", "{9EEB6377-1F41-4770-AF66-EED120145602}"
EndProject
Project("{8BC9CEB8-8B4A-11D0-8D11-00A0C91BC942}") = "glknots", "glknots.vcproj", "{033DBE2A-89F2-4DEC-89B0-65CD8EB98F3D}"
EndProject
Project("{8BC9CEB8-8B4A-11D0-8D11-00A0C91BC942}") = "kaleidocycle", "kaleidocycle.vcproj", "{99523AFF-872D-40F2-B3F2-5F77BB356024}"
EndProject
Project("{8BC9CEB8-8B4A-11D0-8D11-00A0C91BC942}") = "lockward", "lockward.vcproj", "{627152C6-57FE-4328-8DEC-203718FC433F}"
EndProject
Project("{8BC9CEB8-8B4A-11D0-8D11-00A0C91BC942}") = "quasicrystal", "quasicrystal.vcproj", "{D7DEF5D7-1FDC-491F-BFBE-39D0A9677CC7}"
EndProject
Project("{8BC9CEB8-8B4A-11D0-8D11-00A0C91BC942}") = "unknownpleasures", "unknownpleasures.vcproj", "{B5891F89-8B05-4BEE-8672-5F6162D84C76}"
EndProject
Project("{8BC9CEB8-8B4A-11D0-8D11-00A0C91BC942}") = "tronbit", "tronbit.vcproj", "{D55631CD-5169-4DAE-9736-4A51C24E602A}"
EndProject
Project("{8BC9CEB8-8B4A-11D0-8D11-00A0C91BC942}") = "cage", "cage.vcproj", "{735218F4-C934-40C6-97A8-12C14026C57E}"
EndProject
Project("{8BC9CEB8-8B4A-11D0-8D11-00A0C91BC942}") = "timetunnel", "timetunnel.vcproj", "{E47F8B3C-986E-4812-9CE5-A795426AA7EE}"
EndProject
Project("{8BC9CEB8-8B4A-11D0-8D11-00A0C91BC942}") = "atunnel", "atunnel.vcproj", "{3EEFCA60-08B1-4C42-ACCE-6E2A99ABA485}"
EndProject
Project("{8BC9CEB8-8B4A-11D0-8D11-00A0C91BC942}") = "blocktube", "blocktube.vcproj", "{EEFE96FE-7D4A-46B0-BEF5-D5556ADE3618}"
EndProject
Project("{8BC9CEB8-8B4A-11D0-8D11-00A0C91BC942}") = "boing", "boing.vcproj", "{00FD2C1D-2FDC-4B4B-B461-7196CD9B2C68}"
EndProject
Project("{8BC9CEB8-8B4A-11D0-8D11-00A0C91BC942}") = "bouncingcow", "bouncingcow.vcproj", "{1D265514-F3FF-4C87-A9CA-7EB2B606E27F}"
EndProject
Project("{8BC9CEB8-8B4A-11D0-8D11-00A0C91BC942}") = "companion", "companion.vcproj", "{F61D157A-AD7C-47AE-88F4-718B69A9A1FC}"
EndProject
Project("{8BC9CEB8-8B4A-11D0-8D11-00A0C91BC942}") = "cubestorm", "cubestorm.vcproj", "{EB3A2783-EB49-44E0-BA20-43C82AF1C76B}"
EndProject
Project("{8BC9CEB8-8B4A-11D0-8D11-00A0C91BC942}") = "dnalogo", "dnalogo.vcproj", "{8D5D86AB-06CD-483C-93E3-1DC46A50218A}"
EndProject
Project("{8BC9CEB8-8B4A-11D0-8D11-00A0C91BC942}") = "extrusion", "extrusion.vcproj", "{570D2EFB-6FB6-4CED-99DB-B658F5BD53B4}"
EndProject
Project("{8BC9CEB8-8B4A-11D0-8D11-00A0C91BC942}") = "flyingtoasters", "flyingtoasters.vcproj", "{798913A9-5D4E-4E2E-BC9B-43B9934B97D8}"
EndProject
Project("{8BC9CEB8-8B4A-11D0-8D11-00A0C91BC942}") = "glforestfire", "glforestfire.vcproj", "{77038A26-8E47-472E-87A7-430D71B85460}"
EndProject
Project("{8BC9CEB8-8B4A-11D0-8D11-00A0C91BC942}") = "glmatrix", "glmatrix.vcproj", "{34C145D1-1EE0-47ED-997F-A41BF811F297}"
EndProject
Project("{8BC9CEB8-8B4A-11D0-8D11-00A0C91BC942}") = "glplanet", "glplanet.vcproj", "{7DFFC30A-E9A2-4205-B23D-CC80A591CC03}"
EndProject
Project("{8BC9CEB8-8B4A-11D0-8D11-00A0C91BC942}") = "jigglypuff", "jigglypuff.vcproj", "{108C806D-0460-4EF9-B43C-9BBCF5C92C83}"
EndProject
Project("{8BC9CEB8-8B4A-11D0-8D11-00A0C91BC942}") = "lament", "lament.vcproj", "{93ED7A67-7304-457C-8058-63DDBEB0B4E6}"
EndProject
Project("{8BC9CEB8-8B4A-11D0-8D11-00A0C91BC942}") = "lavalite", "lavalite.vcproj", "{14106F7A-9ADF-43D6-AC03-A701BACA363A}"
EndProject
Project("{8BC9CEB8-8B4A-11D0-8D11-00A0C91BC942}") = "pulsar", "pulsar.vcproj", "{14BDE085-6FF9-4828-80F6-FAD12C1157BA}"
EndProject
Project("{8BC9CEB8-8B4A-11D0-8D11-00A0C91BC942}") = "rubik", "rubik.vcproj", "{C9018FF9-8B4F-4B90-9843-9C2CEC08F04C}"
EndProject
Project("{8BC9CEB8-8B4A-11D0-8D11-00A0C91BC942}") = "sballs", "sballs.vcproj", "{6EDD7533-E964-42B5-BABD-CE7DA5F82E22}"
EndProject
Project("{8BC9CEB8-8B4A-11D0-8D11-00A0C91BC942}") = "skytentacles", "skytentacles.vcproj", "{C01FF72B-570B-458E-85E4-22264311AFEE}"
EndProject
Project("{8BC9CEB8-8B4A-11D0-8D11-00A0C91BC942}") = "antspotlight", "antspotlight.vcproj", "{D02F4574-D9F1-4CBA-AC80-023968781189}"
EndProject
Project("{8BC9CEB8-8B4A-11D0-8D11-00A0C91BC942}") = "flipflop", "flipflop.vcproj", "{5D822F0E-CC33-4FC9-8540-D8E306D2A000}"
EndProject
Project("{8BC9CEB8-8B4A-11D0-8D11-00A0C91BC942}") = "flipscreen3d", "flipscreen3d.vcproj", "{633D911C-80D2-456F-8354-27FA30B1553B}"
EndProject
Project("{8BC9CEB8-8B4A-11D0-8D11-00A0C91BC942}") = "gflux", "gflux.vcproj", "{7D47FE79-D89E-4025-8839-1FE1B2889E75}"
EndProject
Project("{8BC9CEB8-8B4A-11D0-8D11-00A0C91BC942}") = "gleidescope", "gleidescope.vcproj", "{84BEAD05-BD60-43F2-8B08-712AD6EB8F7B}"
EndProject
Project("{8BC9CEB8-8B4A-11D0-8D11-00A0C91BC942}") = "mirrorblob", "mirrorblob.vcproj", "{ACEE5300-2394-4F57-8C81-D9E2C816566E}"
EndProject
Project("{8BC9CEB8-8B4A-11D0-8D11-00A0C91BC942}") = "bubble3d", "bubble3d.vcproj", "{3BD7E578-EB82-4EFC-B994-192E0CBBB224}"
EndProject
Global
	GlobalSection(SolutionConfigurationPlatforms) = preSolution
		Debug|Win32 = Debug|Win32
		Release|Win32 = Release|Win32
	EndGlobalSection
	GlobalSection(ProjectConfigurationPlatforms) = postSolution
		{1BEFEC37-6FBE-4191-8E44-93E5704D3333}.Debug|Win32.ActiveCfg = Debug|Win32
		{1BEFEC37-6FBE-4191-8E44-93E5704D3333}.Debug|Win32.Build.0 = Debug|Win32
		{1BEFEC37-6FBE-4191-8E44-93E5704D3333}.Release|Win32.ActiveCfg = Release|Win32
		{1BEFEC37-6FBE-4191-8E44-93E5704D3333}.Release|Win32.Build.0 = Release|Win32
		{0B0C4A69-886D-494F-B653-91FA507BC1B8}.Debug|Win32.ActiveCfg = Debug|Win32
		{0B0C4A69-886D-494F-B653-91FA507BC1B8}.Debug|Win32.Build.0 = Debug|Win32
		{0B0C4A69-886D-494F-B653-91FA507BC1B8}.Release|Win32.ActiveCfg = Release|Win32
		{0B0C4A69-886D-494F-B653-91FA507BC1B8}.Release|Win32.Build.0 = Release|Win32
		{64CAEB3F-0B59-4257-928C-CCC4B9ECAA29}.Debug|Win32.ActiveCfg = Debug|Win32
		{64CAEB3F-0B59-4257-928C-CCC4B9ECAA29}.Debug|Win32.Build.0 = Debug|Win32
		{64CAEB3F-0B59-4257-928C-CCC4B9ECAA29}.Release|Win32.ActiveCfg = Release|Win32
		{64CAEB3F-0B59-4257-928C-CCC4B9ECAA29}.Release|Win32.Build.0 = Release|Win32
		{17A7FEE0-B245-4294-BC37-DD5C116F5809}.Debug|Win32.ActiveCfg = Debug|Win32
		{17A7FEE0-B245-4294-BC37-DD5C116F5809}.Debug|Win32.Build.0 = Debug|Win32
		{17A7FEE0-B245-4294-BC37-DD5C116F5809}.Release|Win32.ActiveCfg = Release|Win32
		{17A7FEE0-B245-4294-BC37-DD5C116F5809}.Release|Win32.Build.0 = Release|Win32
		{DB4121BE-6505-4B4A-B7EE-665FD4829FD5}.Debug|Win32.ActiveCfg = Debug|Win32
		{DB4121BE-6505-4B4A-B7EE-665FD4829FD5}.Debug|Win32.Build.0 = Debug|Win32
		{DB4121BE-6505-4B4A-B7EE-665FD4829FD5}.Release|Win32.ActiveCfg = Release|Win32
		{DB4121BE-6505-4B4A-B7EE-665FD4829FD5}.Release|Win32.Build.0 = Release|Win32
		{17AC199A-185E-47FB-B629-A49C124241A7}.Debug|Win32.ActiveCfg = Debug|Win32
		{17AC199A-185E-47FB-B629-A49C124241A7}.Debug|Win32.Build.0 = Debug|Win32
		{17AC199A-185E-47FB-B629-A49C124241A7}.Release|Win32.ActiveCfg = Release|Win32
		{17AC199A-185E-47FB-B629-A49C124241A7}.Release|Win32.Build.0 = Release|Win32
		{515ECD0E-8A3F-4FD4-A81C-FDD019F06F33}.Debug|Win32.ActiveCfg = Debug|Win32
		{515ECD0E-8A3F-4FD4-A81C-FDD019F06F33}.Debug|Win32.Build.0 = Debug|Win32
		{515ECD0E-8A3F-4FD4-A81C-FDD019F06F33}.Release|Win32.ActiveCfg = Release|Win32
		{515ECD0E-8A3F-4FD4-A81C-FDD019F06F33}.Release|Win32.Build.0 = Release|Win32
		{0EC172D9-A22F-4AA7-BC8F-434F3BB628A2}.Debug|Win32.ActiveCfg = Debug|Win32
		{0EC172D9-A22F-4AA7-BC8F-434F3BB628A2}.Debug|Win32.Build.0 = Debug|Win32
		{0EC172D9-A22F-4AA7-BC8F-434F3BB628A2}.Release|Win32.ActiveCfg = Release|Win32
		{0EC172D9-A22F-4AA7-BC8F-434F3BB628A2}.Release|Win32.Build.0 = Release|Win32
		{ACA3FCD0-E301-41CF-9164-722499DABD29}.Debug|Win32.ActiveCfg = Debug|Win32
		{ACA3FCD0-E301-41CF-9164-722499DABD29}.Debug|Win32.Build.0 = Debug|Win32
		{ACA3FCD0-E301-41CF-9164-722499DABD29}.Release|Win32.ActiveCfg = Release|Win32
		{ACA3FCD0-E301-41CF-9164-722499DABD29}.Release|Win32.Build.0 = Release|Win32
		{3D7C2208-59BE-4130-A9ED-993A1ACE425A}.Debug|Win32.ActiveCfg = Debug|Win32
		{3D7C2208-59BE-4130-A9ED-993A1ACE425A}.Debug|Win32.Build.0 = Debug|Win32
		{3D7C2208-59BE-4130-A9ED-993A1ACE425A}.Release|Win32.ActiveCfg = Release|Win32
		{3D7C2208-59BE-4130-A9ED-993A1ACE425A}.Release|Win32.Build.0 = Release|Win32
		{E89F64CD-FD69-4961-A992-5102162D1594}.Debug|Win32.ActiveCfg = Debug|Win32
		{E89F64CD-FD69-4961-A992-5102162D1594}.Debug|Win32.Build.0 = Debug|Win32
		{E89F64CD-FD69-4961-A992-5102162D1594}.Release|Win32.ActiveCfg = Release|Win32
		{E89F64CD-FD69-4961-A992-5102162D1594}.Release|Win32.Build.0 = Release|Win32
		{E04CEA78-E798-41CB-B012-26691E6F2204}.Debug|Win32.ActiveCfg = Debug|Win32
		{E04CEA78-E798-41CB-B012-26691E6F2204}.Debug|Win32.Build.0 = Debug|Win32
		{E04CEA78-E798-41CB-B012-26691E6F2204}.Release|Win32.ActiveCfg = Release|Win32
		{E04CEA78-E798-41CB-B012-26691E6F2204}.Release|Win32.Build.0 = Release|Win32
		{DB2449D8-D34B-4823-A5EA-01D96BAD0DBB}.Debug|Win32.ActiveCfg = Debug|Win32
		{DB2449D8-D34B-4823-A5EA-01D96BAD0DBB}.Debug|Win32.Build.0 = Debug|Win32
		{DB2449D8-D34B-4823-A5EA-01D96BAD0DBB}.Release|Win32.ActiveCfg = Release|Win32
		{DB2449D8-D34B-4823-A5EA-01D96BAD0DBB}.Release|Win32.Build.0 = Release|Win32
		{DF4D10A4-6044-4E0F-81E3-C6A76468C224}.Debug|Win32.ActiveCfg = Debug|Win32
		{DF4D10A4-6044-4E0F-81E3-C6A76468C224}.Debug|Win32.Build.0 = Debug|Win32
		{DF4D10A4-6044-4E0F-81E3-C6A76468C224}.Release|Win32.ActiveCfg = Release|Win32
		{DF4D10A4-6044-4E0F-81E3-C6A76468C224}.Release|Win32.Build.0 = Release|Win32
		{B1307BF4-107B-4874-82BC-7C4344861CF7}.Debug|Win32.ActiveCfg = Debug|Win32
		{B1307BF4-107B-4874-82BC-7C4344861CF7}.Debug|Win32.Build.0 = Debug|Win32
		{B1307BF4-107B-4874-82BC-7C4344861CF7}.Release|Win32.ActiveCfg = Release|Win32
		{B1307BF4-107B-4874-82BC-7C4344861CF7}.Release|Win32.Build.0 = Release|Win32
		{82FF1D7A-4DB5-4558-8DC9-D92AA2E23D1C}.Debug|Win32.ActiveCfg = Debug|Win32
		{82FF1D7A-4DB5-4558-8DC9-D92AA2E23D1C}.Debug|Win32.Build.0 = Debug|Win32
		{82FF1D7A-4DB5-4558-8DC9-D92AA2E23D1C}.Release|Win32.ActiveCfg = Release|Win32
		{82FF1D7A-4DB5-4558-8DC9-D92AA2E23D1C}.Release|Win32.Build.0 = Release|Win32
		{DBE7CADD-5051-4681-93B3-53BD8E84023E}.Debug|Win32.ActiveCfg = Debug|Win32
		{DBE7CADD-5051-4681-93B3-53BD8E84023E}.Debug|Win32.Build.0 = Debug|Win32
		{DBE7CADD-5051-4681-93B3-53BD8E84023E}.Release|Win32.ActiveCfg = Release|Win32
		{DBE7CADD-5051-4681-93B3-53BD8E84023E}.Release|Win32.Build.0 = Release|Win32
		{34DFAA5A-C8CA-4AC9-8DDA-387FD2E2E6C7}.Debug|Win32.ActiveCfg = Debug|Win32
		{34DFAA5A-C8CA-4AC9-8DDA-387FD2E2E6C7}.Debug|Win32.Build.0 = Debug|Win32
		{34DFAA5A-C8CA-4AC9-8DDA-387FD2E2E6C7}.Release|Win32.ActiveCfg = Release|Win32
		{34DFAA5A-C8CA-4AC9-8DDA-387FD2E2E6C7}.Release|Win32.Build.0 = Release|Win32
		{745E3A1B-7854-4499-8D69-806639572FAC}.Debug|Win32.ActiveCfg = Debug|Win32
		{745E3A1B-7854-4499-8D69-806639572FAC}.Debug|Win32.Build.0 = Debug|Win32
		{745E3A1B-7854-4499-8D69-806639572FAC}.Release|Win32.ActiveCfg = Release|Win32
		{745E3A1B-7854-4499-8D69-806639572FAC}.Release|Win32.Build.0 = Release|Win32
		{173BCB70-1F14-4A2E-9254-D5A4364BAC6A}.Debug|Win32.ActiveCfg = Debug|Win32
		{173BCB70-1F14-4A2E-9254-D5A4364BAC6A}.Debug|Win32.Build.0 = Debug|Win32
		{173BCB70-1F14-4A2E-9254-D5A4364BAC6A}.Release|Win32.ActiveCfg = Release|Win32
		{173BCB70-1F14-4A2E-9254-D5A4364BAC6A}.Release|Win32.Build.0 = Release|Win32
		{36959CD0-08A8-4E17-A969-DB0F5F53D538}.Debug|Win32.ActiveCfg = Debug|Win32
		{36959CD0-08A8-4E17-A969-DB0F5F53D538}.Debug|Win32.Build.0 = Debug|Win32
		{36959CD0-08A8-4E17-A969-DB0F5F53D538}.Release|Win32.ActiveCfg = Release|Win32
		{36959CD0-08A8-4E17-A969-DB0F5F53D538}.Release|Win32.Build.0 = Release|Win32
		{11AF2B13-6DED-4387-812D-CBEC59804297}.Debug|Win32.ActiveCfg = Debug|Win32
		{11AF2B13-6DED-4387-812D-CBEC59804297}.Debug|Win32.Build.0 = Debug|Win32
		{11AF2B13-6DED-4387-812D-CBEC59804297}.Release|Win32.ActiveCfg = Release|Win32
		{11AF2B13-6DED-4387-812D-CBEC59804297}.Release|Win32.Build.0 = Release|Win32
		{4A910266-79C4-4507-B518-5D2826580849}.Debug|Win32.ActiveCfg = Debug|Win32
		{4A910266-79C4-4507-B518-5D2826580849}.Debug|Win32.Build.0 = Debug|Win32
		{4A910266-79C4-4507-B518-5D2826580849}.Release|Win32.ActiveCfg = Release|Win32
		{4A910266-79C4-4507-B518-5D2826580849}.Release|Win32.Build.0 = Release|Win32
		{AE745245-6691-40DD-9973-E6AA0792388A}.Debug|Win32.ActiveCfg = Debug|Win32
		{AE745245-6691-40DD-9973-E6AA0792388A}.Debug|Win32.Build.0 = Debug|Win32
		{AE745245-6691-40DD-9973-E6AA0792388A}.Release|Win32.ActiveCfg = Release|Win32
		{AE745245-6691-40DD-9973-E6AA0792388A}.Release|Win32.Build.0 = Release|Win32
		{F2774C11-75A6-492B-A851-0C48534143E5}.Debug|Win32.ActiveCfg = Debug|Win32
		{F2774C11-75A6-492B-A851-0C48534143E5}.Debug|Win32.Build.0 = Debug|Win32
		{F2774C11-75A6-492B-A851-0C48534143E5}.Release|Win32.ActiveCfg = Release|Win32
		{F2774C11-75A6-492B-A851-0C48534143E5}.Release|Win32.Build.0 = Release|Win32
		{3613F789-0258-4473-B1B6-9511380D74B0}.Debug|Win32.ActiveCfg = Debug|Win32
		{3613F789-0258-4473-B1B6-9511380D74B0}.Debug|Win32.Build.0 = Debug|Win32
		{3613F789-0258-4473-B1B6-9511380D74B0}.Release|Win32.ActiveCfg = Release|Win32
		{3613F789-0258-4473-B1B6-9511380D74B0}.Release|Win32.Build.0 = Release|Win32
		{F974FC93-65B0-4F86-B83D-E929FC762214}.Debug|Win32.ActiveCfg = Debug|Win32
		{F974FC93-65B0-4F86-B83D-E929FC762214}.Debug|Win32.Build.0 = Debug|Win32
		{F974FC93-65B0-4F86-B83D-E929FC762214}.Release|Win32.ActiveCfg = Release|Win32
		{F974FC93-65B0-4F86-B83D-E929FC762214}.Release|Win32.Build.0 = Release|Win32
		{B1100DC9-45C8-4C58-B30F-D4AF0F92B7FE}.Debug|Win32.ActiveCfg = Debug|Win32
		{B1100DC9-45C8-4C58-B30F-D4AF0F92B7FE}.Debug|Win32.Build.0 = Debug|Win32
		{B1100DC9-45C8-4C58-B30F-D4AF0F92B7FE}.Release|Win32.ActiveCfg = Release|Win32
		{B1100DC9-45C8-4C58-B30F-D4AF0F92B7FE}.Release|Win32.Build.0 = Release|Win32
		{D7519E09-2D2F-4425-9F9B-76B6F748A0E8}.Debug|Win32.ActiveCfg = Debug|Win32
		{D7519E09-2D2F-4425-9F9B-76B6F748A0E8}.Debug|Win32.Build.0 = Debug|Win32
		{D7519E09-2D2F-4425-9F9B-76B6F748A0E8}.Release|Win32.ActiveCfg = Release|Win32
		{D7519E09-2D2F-4425-9F9B-76B6F748A0E8}.Release|Win32.Build.0 = Release|Win32
		{A78F0090-A211-4D4C-AC9F-1E9120D0E2E8}.Debug|Win32.ActiveCfg = Debug|Win32
		{A78F0090-A211-4D4C-AC9F-1E9120D0E2E8}.Debug|Win32.Build.0 = Debug|Win32
		{A78F0090-A211-4D4C-AC9F-1E9120D0E2E8}.Release|Win32.ActiveCfg = Release|Win32
		{A78F0090-A211-4D4C-AC9F-1E9120D0E2E8}.Release|Win32.Build.0 = Release|Win32
		{4507A7D2-39DD-4BC6-B349-7771F84D7A05}.Debug|Win32.ActiveCfg = Debug|Win32
		{4507A7D2-39DD-4BC6-B349-7771F84D7A05}.Debug|Win32.Build.0 = Debug|Win32
		{4507A7D2-39DD-4BC6-B349-7771F84D7A05}.Release|Win32.ActiveCfg = Release|Win32
		{4507A7D2-39DD-4BC6-B349-7771F84D7A05}.Release|Win32.Build.0 = Release|Win32
		{95070B8F-0164-438F-8D89-CCE2452A72DA}.Debug|Win32.ActiveCfg = Debug|Win32
		{95070B8F-0164-438F-8D89-CCE2452A72DA}.Debug|Win32.Build.0 = Debug|Win32
		{95070B8F-0164-438F-8D89-CCE2452A72DA}.Release|Win32.ActiveCfg = Release|Win32
		{95070B8F-0164-438F-8D89-CCE2452A72DA}.Release|Win32.Build.0 = Release|Win32
		{6195E4AE-0AF7-4C3F-AEF3-35B53BE6CE4F}.Debug|Win32.ActiveCfg = Debug|Win32
		{6195E4AE-0AF7-4C3F-AEF3-35B53BE6CE4F}.Debug|Win32.Build.0 = Debug|Win32
		{6195E4AE-0AF7-4C3F-AEF3-35B53BE6CE4F}.Release|Win32.ActiveCfg = Release|Win32
		{6195E4AE-0AF7-4C3F-AEF3-35B53BE6CE4F}.Release|Win32.Build.0 = Release|Win32
		{8638C0B4-A240-4483-B002-33D9E64A9A69}.Debug|Win32.ActiveCfg = Debug|Win32
		{8638C0B4-A240-4483-B002-33D9E64A9A69}.Debug|Win32.Build.0 = Debug|Win32
		{8638C0B4-A240-4483-B002-33D9E64A9A69}.Release|Win32.ActiveCfg = Release|Win32
		{8638C0B4-A240-4483-B002-33D9E64A9A69}.Release|Win32.Build.0 = Release|Win32
		{6E405558-55DA-4947-8B4B-83F0FD046159}.Debug|Win32.ActiveCfg = Debug|Win32
		{6E405558-55DA-4947-8B4B-83F0FD046159}.Debug|Win32.Build.0 = Debug|Win32
		{6E405558-55DA-4947-8B4B-83F0FD046159}.Release|Win32.ActiveCfg = Release|Win32
		{6E405558-55DA-4947-8B4B-83F0FD046159}.Release|Win32.Build.0 = Release|Win32
		{D6727F0A-34D9-48BF-B969-CD11E45CF7D0}.Debug|Win32.ActiveCfg = Debug|Win32
		{D6727F0A-34D9-48BF-B969-CD11E45CF7D0}.Debug|Win32.Build.0 = Debug|Win32
		{D6727F0A-34D9-48BF-B969-CD11E45CF7D0}.Release|Win32.ActiveCfg = Release|Win32
		{D6727F0A-34D9-48BF-B969-CD11E45CF7D0}.Release|Win32.Build.0 = Release|Win32
		{0596B868-A3FB-477B-923E-83680B6F1EB0}.Debug|Win32.ActiveCfg = Debug|Win32
		{0596B868-A3FB-477B-923E-83680B6F1EB0}.Debug|Win32.Build.0 = Debug|Win32
		{0596B868-A3FB-477B-923E-83680B6F1EB0}.Release|Win32.ActiveCfg = Release|Win32
		{0596B868-A3FB-477B-923E-83680B6F1EB0}.Release|Win32.Build.0 = Release|Win32
		{7F13C140-6CB8-44D6-9621-D286EBF2269A}.Debug|Win32.ActiveCfg = Debug|Win32
		{7F13C140-6CB8-44D6-9621-D286EBF2269A}.Debug|Win32.Build.0 = Debug|Win32
		{7F13C140-6CB8-44D6-9621-D286EBF2269A}.Release|Win32.ActiveCfg = Release|Win32
		{7F13C140-6CB8-44D6-9621-D286EBF2269A}.Release|Win32.Build.0 = Release|Win32
		{9EEB6377-1F41-4770-AF66-EED120145602}.Debug|Win32.ActiveCfg = Debug|Win32
		{9EEB6377-1F41-4770-AF66-EED120145602}.Debug|Win32.Build.0 = Debug|Win32
		{9EEB6377-1F41-4770-AF66-EED120145602}.Release|Win32.ActiveCfg = Release|Win32
		{9EEB6377-1F41-4770-AF66-EED120145602}.Release|Win32.Build.0 = Release|Win32
		{033DBE2A-89F2-4DEC-89B0-65CD8EB98F3D}.Debug|Win32.ActiveCfg = Debug|Win32
		{033DBE2A-89F2-4DEC-89B0-65CD8EB98F3D}.Debug|Win32.Build.0 = Debug|Win32
		{033DBE2A-89F2-4DEC-89B0-65CD8EB98F3D}.Release|Win32.ActiveCfg = Release|Win32
		{033DBE2A-89F2-4DEC-89B0-65CD8EB98F3D}.Release|Win32.Build.0 = Release|Win32
		{99523AFF-872D-40F2-B3F2-5F77BB356024}.Debug|Win32.ActiveCfg = Debug|Win32
		{99523AFF-872D-40F2-B3F2-5F77BB356024}.Debug|Win32.Build.0 = Debug|Win32
		{99523AFF-872D-40F2-B3F2-5F77BB356024}.Release|Win32.ActiveCfg = Release|Win32
		{99523AFF-872D-40F2-B3F2-5F77BB356024}.Release|Win32.Build.0 = Release|Win32
		{627152C6-57FE-4328-8DEC-203718FC433F}.Debug|Win32.ActiveCfg = Debug|Win32
		{627152C6-57FE-4328-8DEC-203718FC433F}.Debug|Win32.Build.0 = Debug|Win32
		{627152C6-57FE-4328-8DEC-203718FC433F}.Release|Win32.ActiveCfg = Release|Win32
		{627152C6-57FE-4328-8DEC-203718FC433F}.Release|Win32.Build.0 = Release|Win32
		{D7DEF5D7-1FDC-491F-BFBE-39D0A9677CC7}.Debug|Win32.ActiveCfg = Debug|Win32
		{D7DEF5D7-1FDC-491F-BFBE-39D0A9677CC7}.Debug|Win32.Build.0 = Debug|Win32
		{D7DEF5D7-1FDC-491F-BFBE-39D0A9677CC7}.Release|Win32.ActiveCfg = Release|Win32
		{D7DEF5D7-1FDC-491F-BFBE-39D0A9677CC7}.Release|Win32.Build.0 = Release|Win32
		{B5891F89-8B05-4BEE-8672-5F6162D84C76}.Debug|Win32.ActiveCfg = Debug|Win32
		{B5891F89-8B05-4BEE-8672-5F6162D84C76}.Debug|Win32.Build.0 = Debug|Win32
		{B5891F89-8B05-4BEE-8672-5F6162D84C76}.Release|Win32.ActiveCfg = Release|Win32
		{B5891F89-8B05-4BEE-8672-5F6162D84C76}.Release|Win32.Build.0 = Release|Win32
		{D55631CD-5169-4DAE-9736-4A51C24E602A}.Debug|Win32.ActiveCfg = Debug|Win32
		{D55631CD-5169-4DAE-9736-4A51C24E602A}.Debug|Win32.Build.0 = Debug|Win32
		{D55631CD-5169-4DAE-9736-4A51C24E602A}.Release|Win32.ActiveCfg = Release|Win32
		{D55631CD-5169-4DAE-9736-4A51C24E602A}.Release|Win32.Build.0 = Release|Win32
		{735218F4-C934-40C6-97A8-12C14026C57E}.Debug|Win32.ActiveCfg = Debug|Win32
		{735218F4-C934-40C6-97A8-12C14026C57E}.Debug|Win32.Build.0 = Debug|Win32
		{735218F4-C934-40C6-97A8-12C14026C57E}.Release|Win32.ActiveCfg = Release|Win32
		{735218F4-C934-40C6-97A8-12C14026C57E}.Release|Win32.Build.0 = Release|Win32
		{E47F8B3C-986E-4812-9CE5-A795426AA7EE}.Debug|Win32.ActiveCfg = Debug|Win32
		{E47F8B3C-986E-4812-9CE5-A795426AA7EE}.Debug|Win32.Build.0 = Debug|Win32
		{E47F8B3C-986E-4812-9CE5-A795426AA7EE}.Release|Win32.ActiveCfg = Release|Win32
		{E47F8B3C-986E-4812-9CE5-A795426AA7EE}.Release|Win32.Build.0 = Release|Win32
		{3EEFCA60-08B1-4C42-ACCE-6E2A99ABA485}.Debug|Win32.ActiveCfg = Debug|Win32
		{3EEFCA60-08B1-4C42-ACCE-6E2A99ABA485}.Debug|Win32.Build.0 = Debug|Win32
		{3EEFCA60-08B1-4C42-ACCE-6E2A99ABA485}.Release|Win32.ActiveCfg = Release|Win32
		{3EEFCA60-08B1-4C42-ACCE-6E2A99ABA485}.Release|Win32.Build.0 = Release|Win32
		{EEFE96FE-7D4A-46B0-BEF5-D5556ADE3618}.Debug|Win32.ActiveCfg = Debug|Win32
		{EEFE96FE-7D4A-46B0-BEF5-D5556ADE3618}.Debug|Win32.Build.0 = Debug|Win32
		{EEFE96FE-7D4A-46B0-BEF5-D5556ADE3618}.Release|Win32.ActiveCfg = Release|Win32
		{EEFE96FE-7D4A-46B0-BEF5-D5556ADE3618}.Release|Win32.Build.0 = Release|Win32
		{00FD2C1D-2FDC-4B4B-B461-7196CD9B2C68}.Debug|Win32.ActiveCfg = Debug|Win32
		{00FD2C1D-2FDC-4B4B-B461-7196CD9B2C68}.Debug|Win32.Build.0 = Debug|Win32
		{00FD2C1D-2FDC-4B4B-B461-7196CD9B2C68}.Release|Win32.ActiveCfg = Release|Win32
		{00FD2C1D-2FDC-4B4B-B461-7196CD9B2C68}.Release|Win32.Build.0 = Release|Win32
		{1D265514-F3FF-4C87-A9CA-7EB2B606E27F}.Debug|Win32.ActiveCfg = Debug|Win32
		{1D265514-F3FF-4C87-A9CA-7EB2B606E27F}.Debug|Win32.Build.0 = Debug|Win32
		{1D265514-F3FF-4C87-A9CA-7EB2B606E27F}.Release|Win32.ActiveCfg = Release|Win32
		{1D265514-F3FF-4C87-A9CA-7EB2B606E27F}.Release|Win32.Build.0 = Release|Win32
		{F61D157A-AD7C-47AE-88F4-718B69A9A1FC}.Debug|Win32.ActiveCfg = Debug|Win32
		{F61D157A-AD7C-47AE-88F4-718B69A9A1FC}.Debug|Win32.Build.0 = Debug|Win32
		{F61D157A-AD7C-47AE-88F4-718B69A9A1FC}.Release|Win32.ActiveCfg = Release|Win32
		{F61D157A-AD7C-47AE-88F4-718B69A9A1FC}.Release|Win32.Build.0 = Release|Win32
		{EB3A2783-EB49-44E0-BA20-43C82AF1C76B}.Debug|Win32.ActiveCfg = Debug|Win32
		{EB3A2783-EB49-44E0-BA20-43C82AF1C76B}.Debug|Win32.Build.0 = Debug|Win32
		{EB3A2783-EB49-44E0-BA20-43C82AF1C76B}.Release|Win32.ActiveCfg = Release|Win32
		{EB3A2783-EB49-44E0-BA20-43C82AF1C76B}.Release|Win32.Build.0 = Release|Win32
		{8D5D86AB-06CD-483C-93E3-1DC46A50218A}.Debug|Win32.ActiveCfg = Debug|Win32
		{8D5D86AB-06CD-483C-93E3-1DC46A50218A}.Debug|Win32.Build.0 = Debug|Win32
		{8D5D86AB-06CD-483C-93E3-1DC46A50218A}.Release|Win32.ActiveCfg = Release|Win32
		{8D5D86AB-06CD-483C-93E3-1DC46A50218A}.Release|Win32.Build.0 = Release|Win32
		{570D2EFB-6FB6-4CED-99DB-B658F5BD53B4}.Debug|Win32.ActiveCfg = Debug|Win32
		{570D2EFB-6FB6-4CED-99DB-B658F5BD53B4}.Debug|Win32.Build.0 = Debug|Win32
		{570D2EFB-6FB6-4CED-99DB-B658F5BD53B4}.Release|Win32.ActiveCfg = Release|Win32
		{570D2EFB-6FB6-4CED-99DB-B658F5BD53B4}.Release|Win32.Build.0 = Release|Win32
		{798913A9-5D4E-4E2E-BC9B-43B9934B97D8}.Debug|Win32.ActiveCfg = Debug|Win32
		{798913A9-5D4E-4E2E-BC9B-43B9934B97D8}.Debug|Win32.Build.0 = Debug|Win32
		{798913A9-5D4E-4E2E-BC9B-43B9934B97D8}.Release|Win32.ActiveCfg = Release|Win32
		{798913A9-5D4E-4E2E-BC9B-43B9934B97D8}.Release|Win32.Build.0 = Release|Win32
		{77038A26-8E47-472E-87A7-430D71B85460}.Debug|Win32.ActiveCfg = Debug|Win32
		{77038A26-8E47-472E-87A7-430D71B85460}.Debug|Win32.Build.0 = Debug|Win32
		{77038A26-8E47-472E-87A7-430D71B85460}.Release|Win32.ActiveCfg = Release|Win32
		{77038A26-8E47-472E-87A7-430D71B85460}.Release|Win32.Build.0 = Release|Win32
		{34C145D1-1EE0-47ED-997F-A41BF811F297}.Debug|Win32.ActiveCfg = Debug|Win32
		{34C145D1-1EE0-47ED-997F-A41BF811F297}.Debug|Win32.Build.0 = Debug|Win32
		{34C145D1-1EE0-47ED-997F-A41BF811F297}.Release|Win32.ActiveCfg = Release|Win32
		{34C145D1-1EE0-47ED-997F-A41BF811F297}.Release|Win32.Build.0 = Release|Win32
		{7DFFC30A-E9A2-4205-B23D-CC80A591CC03}.Debug|Win32.ActiveCfg = Debug|Win32
		{7DFFC30A-E9A2-4205-B23D-CC80A591CC03}.Debug|Win32.Build.0 = Debug|Win32
		{7DFFC30A-E9A2-4205-B23D-CC80A591CC03}.Release|Win32.ActiveCfg = Release|Win32
		{7DFFC30A-E9A2-4205-B23D-CC80A591CC03}.Release|Win32.Build.0 = Release|Win32
		{108C806D-0460-4EF9-B43C-9BBCF5C92C83}.Debug|Win32.ActiveCfg = Debug|Win32
		{108C806D-0460-4EF9-B43C-9BBCF5C92C83}.Debug|Win32.Build.0 = Debug|Win32
		{108C806D-0460-4EF9-B43C-9BBCF5C92C83}.Release|Win32.ActiveCfg = Release|Win32
		{108C806D-0460-4EF9-B43C-9BBCF5C92C83}.Release|Win32.Build.0 = Release|Win32
		{93ED7A67-7304-457C-8058-63DDBEB0B4E6}.Debug|Win32.ActiveCfg = Debug|Win32
		{93ED7A67-7304-457C-8058-63DDBEB0B4E6}.Debug|Win32.Build.0 = Debug|Win32
		{93ED7A67-7304-457C-8058-63DDBEB0B4E6}.Release|Win32.ActiveCfg = Release|Win32
		{93ED7A67-7304-457C-8058-63DDBEB0B4E6}.Release|Win32.Build.0 = Release|Win32
		{14106F7A-9ADF-43D6-AC03-A701BACA363A}.Debug|Win32.ActiveCfg = Debug|Win32
		{14106F7A-9ADF-43D6-AC03-A701BACA363A}.Debug|Win32.Build.0 = Debug|Win32
		{14106F7A-9ADF-43D6-AC03-A701BACA363A}.Release|Win32.ActiveCfg = Release|Win32
		{14106F7A-9ADF-43D6-AC03-A701BACA363A}.Release|Win32.Build.0 = Release|Win32
		{14BDE085-6FF9-4828-80F6-FAD12C1157BA}.Debug|Win32.ActiveCfg = Debug|Win32
		{14BDE085-6FF9-4828-80F6-FAD12C1157BA}.Debug|Win32.Build.0 = Debug|Win32
		{14BDE085-6FF9-4828-80F6-FAD12C1157BA}.Release|Win32.ActiveCfg = Release|Win32
		{14BDE085-6FF9-4828-80F6-FAD12C1157BA}.Release|Win32.Build.0 = Release|Win32
		{C9018FF9-8B4F-4B90-9843-9C2CEC08F04C}.Debug|Win32.ActiveCfg = Debug|Win32
		{C9018FF9-8B4F-4B90-9843-9C2CEC08F04C}.Debug|Win32.Build.0 = Debug|Win32
		{C9018FF9-8B4F-4B90-9843-9C2CEC08F04C}.Release|Win32.ActiveCfg = Release|Win32
		{C9018FF9-8B4F-4B90-9843-9C2CEC08F04C}.Release|Win32.Build.0 = Release|Win32
		{6EDD7533-E964-42B5-BABD-CE7DA5F82E22}.Debug|Win32.ActiveCfg = Debug|Win32
		{6EDD7533-E964-42B5-BABD-CE7DA5F82E22}.Debug|Win32.Build.0 = Debug|Win32
		{6EDD7533-E964-42B5-BABD-CE7DA5F82E22}.Release|Win32.ActiveCfg = Release|Win32
		{6EDD7533-E964-42B5-BABD-CE7DA5F82E22}.Release|Win32.Build.0 = Release|Win32
		{C01FF72B-570B-458E-85E4-22264311AFEE}.Debug|Win32.ActiveCfg = Debug|Win32
		{C01FF72B-570B-458E-85E4-22264311AFEE}.Debug|Win32.Build.0 = Debug|Win32
		{C01FF72B-570B-458E-85E4-22264311AFEE}.Release|Win32.ActiveCfg = Release|Win32
		{C01FF72B-570B-458E-85E4-22264311AFEE}.Release|Win32.Build.0 = Release|Win32
		{D02F4574-D9F1-4CBA-AC80-023968781189}.Debug|Win32.ActiveCfg = Debug|Win32
		{D02F4574-D9F1-4CBA-AC80-023968781189}.Debug|Win32.Build.0 = Debug|Win32
		{D02F4574-D9F1-4CBA-AC80-023968781189}.Release|Win32.ActiveCfg = Release|Win32
		{D02F4574-D9F1-4CBA-AC80-023968781189}.Release|Win32.Build.0 = Release|Win32
		{5D822F0E-CC33-4FC9-8540-D8E306D2A000}.Debug|Win32.ActiveCfg = Debug|Win32
		{5D822F0E-CC33-4FC9-8540-D8E306D2A000}.Debug|Win32.Build.0 = Debug|Win32
		{5D822F0E-CC33-4FC9-8540-D8E306D2A000}.Release|Win32.ActiveCfg = Release|Win32
		{5D822F0E-CC33-4FC9-8540-D8E306D2A000}.Release|Win32.Build.0 = Release|Win32
		{633D911C-80D2-456F-8354-27FA30B1553B}.Debug|Win32.ActiveCfg = Debug|Win32
		{633D911C-80D2-456F-8354-27FA30B1553B}.Debug|Win32.Build.0 = Debug|Win32
		{633D911C-80D2-456F-8354-27FA30B1553B}.Release|Win32.ActiveCfg = Release|Win32
		{633D911C-80D2-456F-8354-27FA30B1553B}.Release|Win32.Build.0 = Release|Win32
		{7D47FE79-D89E-4025-8839-1FE1B2889E75}.Debug|Win32.ActiveCfg = Debug|Win32
		{7D47FE79-D89E-4025-8839-1FE1B2889E75}.Debug|Win32.Build.0 = Debug|Win32
		{7D47FE79-D89E-4025-8839-1FE1B2889E75}.Release|Win32.ActiveCfg = Release|Win32
		{7D47FE79-D89E-4025-8839-1FE1B2889E75}.Release|Win32.Build.0 = Release|Win32
		{84BEAD05-BD60-43F2-8B08-712AD6EB8F7B}.Debug|Win32.ActiveCfg = Debug|Win32
		{84BEAD05-BD60-43F2-8B08-712AD6EB8F7B}.Debug|Win32.Build.0 = Debug|Win32
		{84BEAD05-BD60-43F2-8B08-712AD6EB8F7B}.Release|Win32.ActiveCfg = Release|Win32
		{84BEAD05-BD60-43F2-8B08-712AD6EB8F7B}.Release|Win32.Build.0 = Release|Win32
		{ACEE5300-2394-4F57-8C81-D9E2C816566E}.Debug|Win32.ActiveCfg = Debug|Win32
		{ACEE5300-2394-4F57-8C81-D9E2C816566E}.Debug|Win32.Build.0 = Debug|Win32
		{ACEE5300-2394-4F57-8C81-D9E2C816566E}.Release|Win32.ActiveCfg = Release|Win32
		{ACEE5300-2394-4F57-8C81-D9E2C816566E}.Release|Win32.Build.0 = Release|Win32
		{3BD7E578-EB82-4EFC-B994-192E0CBBB224}.Debug|Win32.ActiveCfg = Debug|Win32
		{3BD7E578-EB82-4EFC-B994-192E0CBBB224}.Debug|Win32.Build.0 = Debug|Win32
		{3BD7E578-EB82-4EFC-B994-192E0CBBB224}.Release|Win32.ActiveCfg = Release|Win32
		{3BD7E578-EB82-4EFC-B994-192E0CBBB224}.Release|Win32.Build.0 = Release|Win32
	EndGlobalSection
	GlobalSection(SolutionProperties) = preSolution
		HideSolutionNode = FALSE
	EndGlobalSection
EndGlobal
