
Microsoft Visual Studio Solution File, Format Version 10.00
# Visual C++ Express 2008
Project("{8BC9CEB8-8B4A-11D0-8D11-00A0C91BC942}") = "galaxy", "galaxy.vcproj", "{28DA1F02-A5B3-4128-9787-128E3EF097E3}"
EndProject
Project("{8BC9CEB8-8B4A-11D0-8D11-00A0C91BC942}") = "ant", "ant.vcproj", "{05864679-7084-4F7F-A162-175BB1577D32}"
EndProject
Project("{8BC9CEB8-8B4A-11D0-8D11-00A0C91BC942}") = "apollonian", "apollonian.vcproj", "{709C82EB-E824-4383-B396-8D02AAEEBA7C}"
EndProject
Project("{8BC9CEB8-8B4A-11D0-8D11-00A0C91BC942}") = "bouboule", "bouboule.vcproj", "{A29D9A16-9606-46D3-A245-3AA7B09649C6}"
EndProject
Project("{8BC9CEB8-8B4A-11D0-8D11-00A0C91BC942}") = "braid", "braid.vcproj", "{0FCE6826-33A9-4F89-B007-FF644BBE47E8}"
EndProject
Project("{8BC9CEB8-8B4A-11D0-8D11-00A0C91BC942}") = "crystal", "crystal.vcproj", "{0D856C8F-6203-4B31-B87E-7C1EB761161B}"
EndProject
Project("{8BC9CEB8-8B4A-11D0-8D11-00A0C91BC942}") = "demon", "demon.vcproj", "{902574B0-BE92-4DEA-A653-C8D8C0B2F3CF}"
EndProject
Project("{8BC9CEB8-8B4A-11D0-8D11-00A0C91BC942}") = "discrete", "discrete.vcproj", "{F7402562-1C80-4458-A990-75FB2BE3480E}"
EndProject
Project("{8BC9CEB8-8B4A-11D0-8D11-00A0C91BC942}") = "drift", "drift.vcproj", "{85D53F97-F23E-4899-BE03-71FEA8F34B10}"
EndProject
Project("{8BC9CEB8-8B4A-11D0-8D11-00A0C91BC942}") = "euler2d", "euler2d.vcproj", "{9CDC27AE-884C-447C-A3DA-316D24EB9EB4}"
EndProject
Project("{8BC9CEB8-8B4A-11D0-8D11-00A0C91BC942}") = "fadeplot", "fadeplot.vcproj", "{F2651F50-9D08-49B4-9DC3-946C98F05226}"
EndProject
Project("{8BC9CEB8-8B4A-11D0-8D11-00A0C91BC942}") = "fiberlamp", "fiberlamp.vcproj", "{BE598D02-E4AC-45C3-A703-566E489AB20C}"
EndProject
Project("{8BC9CEB8-8B4A-11D0-8D11-00A0C91BC942}") = "flow", "flow.vcproj", "{25BA89F4-ED82-4105-8214-0F18DBBA2D55}"
EndProject
Project("{8BC9CEB8-8B4A-11D0-8D11-00A0C91BC942}") = "forest", "forest.vcproj", "{B06CB44F-DD8A-4C0B-8602-680400AF3E83}"
EndProject
Project("{8BC9CEB8-8B4A-11D0-8D11-00A0C91BC942}") = "grav", "grav.vcproj", "{E3BABE02-1538-4CD7-BAE1-D9499CA11AB6}"
EndProject
Project("{8BC9CEB8-8B4A-11D0-8D11-00A0C91BC942}") = "hopalong", "hopalong.vcproj", "{EF9B3929-2382-4E80-92A0-193E4850B810}"
EndProject
Project("{8BC9CEB8-8B4A-11D0-8D11-00A0C91BC942}") = "julia", "julia.vcproj", "{573F1176-FEA9-48A8-928D-68533DC5F115}"
EndProject
Project("{8BC9CEB8-8B4A-11D0-8D11-00A0C91BC942}") = "laser", "laser.vcproj", "{9E02D31B-BDBF-4F29-AB08-8A1A16C54E2A}"
EndProject
Project("{8BC9CEB8-8B4A-11D0-8D11-00A0C91BC942}") = "lightning", "lightning.vcproj", "{97855027-24EE-44D2-88F5-6E8C8BE40B93}"
EndProject
Project("{8BC9CEB8-8B4A-11D0-8D11-00A0C91BC942}") = "lisa", "lisa.vcproj", "{CF148A19-0B94-456C-BE13-02BF53FF7300}"
EndProject
Project("{8BC9CEB8-8B4A-11D0-8D11-00A0C91BC942}") = "lissie", "lissie.vcproj", "{96C4F470-F0AB-4216-9E7A-93382E74801A}"
EndProject
Project("{8BC9CEB8-8B4A-11D0-8D11-00A0C91BC942}") = "loop", "loop.vcproj", "{8258E6E5-D63D-4C58-81DC-151B5A3DB4A7}"
EndProject
Project("{8BC9CEB8-8B4A-11D0-8D11-00A0C91BC942}") = "mountain", "mountain.vcproj", "{A289AB05-DA08-4F50-A711-173BD778BC04}"
EndProject
Project("{8BC9CEB8-8B4A-11D0-8D11-00A0C91BC942}") = "penrose", "penrose.vcproj", "{F881227E-A9B2-4DAD-948C-63DC2F6ED480}"
EndProject
Project("{8BC9CEB8-8B4A-11D0-8D11-00A0C91BC942}") = "polyominoes", "polyominoes.vcproj", "{689DCE16-AF54-48D5-BE21-87EEB2A592F6}"
EndProject
Project("{8BC9CEB8-8B4A-11D0-8D11-00A0C91BC942}") = "rotor", "rotor.vcproj", "{D45FB1EB-D57E-4D66-BB02-F178A3BFA929}"
EndProject
Project("{8BC9CEB8-8B4A-11D0-8D11-00A0C91BC942}") = "sierpinski", "sierpinski.vcproj", "{FD32AB2D-DA9C-436A-B6C9-4E88CEDD3CAC}"
EndProject
Project("{8BC9CEB8-8B4A-11D0-8D11-00A0C91BC942}") = "slip", "slip.vcproj", "{5F2D2D19-1552-4342-9BC3-B45E4D0CA241}"
EndProject
Project("{8BC9CEB8-8B4A-11D0-8D11-00A0C91BC942}") = "sphere", "sphere.vcproj", "{34E1D0AC-FFB1-421F-BE14-575DFC02A9E8}"
EndProject
Project("{8BC9CEB8-8B4A-11D0-8D11-00A0C91BC942}") = "spiral", "spiral.vcproj", "{B6664F00-44DC-4CDC-9720-D8B44B8369A7}"
EndProject
Project("{8BC9CEB8-8B4A-11D0-8D11-00A0C91BC942}") = "strange", "strange.vcproj", "{370BAB1D-1DBA-4447-B5E5-7E00669E619F}"
EndProject
Project("{8BC9CEB8-8B4A-11D0-8D11-00A0C91BC942}") = "swirl", "swirl.vcproj", "{D274030C-CBA1-4F32-B1A1-2480E00E325A}"
EndProject
Project("{8BC9CEB8-8B4A-11D0-8D11-00A0C91BC942}") = "thornbird", "thornbird.vcproj", "{34B02AB2-6702-4D85-80E7-56127BCCD3BD}"
EndProject
Project("{8BC9CEB8-8B4A-11D0-8D11-00A0C91BC942}") = "triangle", "triangle.vcproj", "{4FC99373-4499-406F-93AF-1B31DF6848C0}"
EndProject
Project("{8BC9CEB8-8B4A-11D0-8D11-00A0C91BC942}") = "vines", "vines.vcproj", "{07DA7007-B6FB-4DA7-8C1E-5359B40D2046}"
EndProject
Project("{8BC9CEB8-8B4A-11D0-8D11-00A0C91BC942}") = "worm", "worm.vcproj", "{EA510D80-DE8C-4571-885A-7B436A1AF479}"
EndProject
Project("{8BC9CEB8-8B4A-11D0-8D11-00A0C91BC942}") = "abstractile", "abstractile.vcproj", "{F93242D6-375B-4F9B-B046-74F7A48E21BC}"
EndProject
Project("{8BC9CEB8-8B4A-11D0-8D11-00A0C91BC942}") = "anemone", "anemone.vcproj", "{8FCB37FE-1519-45EE-87EA-E881F070EC36}"
EndProject
Project("{8BC9CEB8-8B4A-11D0-8D11-00A0C91BC942}") = "anemotaxis", "anemotaxis.vcproj", "{A42549BF-E06D-464A-90A8-92B6BF6FC1F4}"
EndProject
Project("{8BC9CEB8-8B4A-11D0-8D11-00A0C91BC942}") = "attraction", "attraction.vcproj", "{DD7D4CA7-66FF-4327-A02F-B4063B4B6FDD}"
EndProject
Project("{8BC9CEB8-8B4A-11D0-8D11-00A0C91BC942}") = "barcode", "barcode.vcproj", "{8656BFC8-12A2-40FC-9B3A-68D14FE920C8}"
EndProject
Project("{8BC9CEB8-8B4A-11D0-8D11-00A0C91BC942}") = "blaster", "blaster.vcproj", "{EFE9903C-7563-4E86-BD4D-C1FA9FA1E2EE}"
EndProject
Project("{8BC9CEB8-8B4A-11D0-8D11-00A0C91BC942}") = "bumps", "bumps.vcproj", "{BBF49655-0189-4E0D-BE55-6D9515EB3A2C}"
EndProject
Project("{8BC9CEB8-8B4A-11D0-8D11-00A0C91BC942}") = "ccurve", "ccurve.vcproj", "{C137BB39-0016-4864-8296-D92308E6789F}"
EndProject
Project("{8BC9CEB8-8B4A-11D0-8D11-00A0C91BC942}") = "celtic", "celtic.vcproj", "{1B59BF89-BEF9-492D-980F-FC4D80DD4BF1}"
EndProject
Project("{8BC9CEB8-8B4A-11D0-8D11-00A0C91BC942}") = "cloudlife", "cloudlife.vcproj", "{5EC71D5D-A47E-4CE9-BB4C-48764DEFC197}"
EndProject
Project("{8BC9CEB8-8B4A-11D0-8D11-00A0C91BC942}") = "compass", "compass.vcproj", "{A0E02EE5-EC0E-43F9-AB61-E23723E2C6E4}"
EndProject
Project("{8BC9CEB8-8B4A-11D0-8D11-00A0C91BC942}") = "coral", "coral.vcproj", "{E33509D3-4B6E-4E9E-BA5A-0D033811101D}"
EndProject
Project("{8BC9CEB8-8B4A-11D0-8D11-00A0C91BC942}") = "critical", "critical.vcproj", "{BB1737B4-37E3-4ED3-89B3-6CDF126C4EF6}"
EndProject
Project("{8BC9CEB8-8B4A-11D0-8D11-00A0C91BC942}") = "cynosure", "cynosure.vcproj", "{F29F35FD-B5CF-4C36-B3E1-BC4412401BB9}"
EndProject
Project("{8BC9CEB8-8B4A-11D0-8D11-00A0C91BC942}") = "deco", "deco.vcproj", "{151C71CD-2B7D-4F19-8B40-9A244FE93160}"
EndProject
Project("{8BC9CEB8-8B4A-11D0-8D11-00A0C91BC942}") = "epicycle", "epicycle.vcproj", "{1A08A4B5-3A4A-427A-895C-C3B189D611D7}"
EndProject
Project("{8BC9CEB8-8B4A-11D0-8D11-00A0C91BC942}") = "eruption", "eruption.vcproj", "{00FF56CB-47F4-4A92-B532-68FA019A9E82}"
EndProject
Project("{8BC9CEB8-8B4A-11D0-8D11-00A0C91BC942}") = "fireworkx", "fireworkx.vcproj", "{F343DC33-650B-45F4-8BEF-1382C5CA55B6}"
EndProject
Project("{8BC9CEB8-8B4A-11D0-8D11-00A0C91BC942}") = "flame", "flame.vcproj", "{83DFF2CB-B8D8-4995-8DB6-B1BE2A811B86}"
EndProject
Project("{8BC9CEB8-8B4A-11D0-8D11-00A0C91BC942}") = "fuzzyflakes", "fuzzyflakes.vcproj", "{E43FEDA4-AE14-44CA-A6D0-F9FEF782F50B}"
EndProject
Project("{8BC9CEB8-8B4A-11D0-8D11-00A0C91BC942}") = "greynetic", "greynetic.vcproj", "{8AA65958-EAAF-4355-B95C-B67C683243CF}"
EndProject
Project("{8BC9CEB8-8B4A-11D0-8D11-00A0C91BC942}") = "halftone", "halftone.vcproj", "{FA273276-1E63-4889-8491-39C02658B637}"
EndProject
Project("{8BC9CEB8-8B4A-11D0-8D11-00A0C91BC942}") = "halo", "halo.vcproj", "{5785E43E-B1A1-4455-B355-22258CFF7644}"
EndProject
Project("{8BC9CEB8-8B4A-11D0-8D11-00A0C91BC942}") = "helix", "helix.vcproj", "{53CDE9A7-53AF-4AF3-8196-439A270D7D07}"
EndProject
Project("{8BC9CEB8-8B4A-11D0-8D11-00A0C91BC942}") = "hexadrop", "hexadrop.vcproj", "{D4A8E76C-9F4F-40AD-A8E6-12E4FCDBB4E0}"
EndProject
Project("{8BC9CEB8-8B4A-11D0-8D11-00A0C91BC942}") = "hyperball", "hyperball.vcproj", "{28BE8FD1-6BA8-4A9A-93E0-3717CD224048}"
EndProject
Project("{8BC9CEB8-8B4A-11D0-8D11-00A0C91BC942}") = "hypercube", "hypercube.vcproj", "{F4BEA6E2-89A1-4433-AACB-7DE887670469}"
EndProject
Project("{8BC9CEB8-8B4A-11D0-8D11-00A0C91BC942}") = "imsmap", "imsmap.vcproj", "{216157E9-4DD5-4A49-83CB-F196C4C8C534}"
EndProject
Project("{8BC9CEB8-8B4A-11D0-8D11-00A0C91BC942}") = "interaggregate", "interaggregate.vcproj", "{7035D836-3D72-412B-9483-9122A8F0281B}"
EndProject
Project("{8BC9CEB8-8B4A-11D0-8D11-00A0C91BC942}") = "interference", "interference.vcproj", "{C1DEC21A-AB5B-4E05-8E50-6C244BDF18AE}"
EndProject
Project("{8BC9CEB8-8B4A-11D0-8D11-00A0C91BC942}") = "intermomentary", "intermomentary.vcproj", "{72016142-8CD6-41A1-BF96-C48E4404304A}"
EndProject
Project("{8BC9CEB8-8B4A-11D0-8D11-00A0C91BC942}") = "kumppa", "kumppa.vcproj", "{4D1EAD19-C597-4F70-B12D-B5CFE48F9E88}"
EndProject
Project("{8BC9CEB8-8B4A-11D0-8D11-00A0C91BC942}") = "lcdscrub", "lcdscrub.vcproj", "{A757D6A8-755A-4A8C-8053-D9162A765B12}"
EndProject
Project("{8BC9CEB8-8B4A-11D0-8D11-00A0C91BC942}") = "lmorph", "lmorph.vcproj", "{83C8213F-7536-460B-BAA4-A10A634C9B92}"
EndProject
Project("{8BC9CEB8-8B4A-11D0-8D11-00A0C91BC942}") = "maze", "maze.vcproj", "{565A4999-B3A9-47C3-BB8C-8E8B9CF9C034}"
EndProject
Project("{8BC9CEB8-8B4A-11D0-8D11-00A0C91BC942}") = "metaballs", "metaballs.vcproj", "{01FE0075-1479-4F0F-890D-1F4C47272E0C}"
EndProject
Project("{8BC9CEB8-8B4A-11D0-8D11-00A0C91BC942}") = "moire", "moire.vcproj", "{15AD6061-09CF-4350-A9F3-91C622936A17}"
EndProject
Project("{8BC9CEB8-8B4A-11D0-8D11-00A0C91BC942}") = "moire2", "moire2.vcproj", "{EA8C4A4B-BC11-4951-936B-C90B3AC8A896}"
EndProject
Project("{8BC9CEB8-8B4A-11D0-8D11-00A0C91BC942}") = "munch", "munch.vcproj", "{5A89F978-F24A-45AC-90BF-DDA02E8224FC}"
EndProject
Project("{8BC9CEB8-8B4A-11D0-8D11-00A0C91BC942}") = "nerverot", "nerverot.vcproj", "{12DB95AB-93E3-4006-A68F-6EEC6D655C90}"
EndProject
Project("{8BC9CEB8-8B4A-11D0-8D11-00A0C91BC942}") = "pacman", "pacman.vcproj", "{238831AE-2AD1-41EB-979B-4FDFAC507563}"
EndProject
Project("{8BC9CEB8-8B4A-11D0-8D11-00A0C91BC942}") = "pedal", "pedal.vcproj", "{5D695AF5-EFAB-4FC4-B73E-3CF4AF17BC43}"
EndProject
Project("{8BC9CEB8-8B4A-11D0-8D11-00A0C91BC942}") = "petri", "petri.vcproj", "{610D90FD-1F7E-4C10-8A93-06E675A306DB}"
EndProject
Project("{8BC9CEB8-8B4A-11D0-8D11-00A0C91BC942}") = "piecewise", "piecewise.vcproj", "{BD51C16E-1066-4E9B-984E-50F37AA74E6C}"
EndProject
Project("{8BC9CEB8-8B4A-11D0-8D11-00A0C91BC942}") = "pyro", "pyro.vcproj", "{6D878BB7-3075-4F29-BB32-07898485DB46}"
EndProject
Project("{8BC9CEB8-8B4A-11D0-8D11-00A0C91BC942}") = "rd-bomb", "rd-bomb.vcproj", "{6D848E39-4DDC-4B2D-AF19-AB4B8B4A62AA}"
EndProject
Project("{8BC9CEB8-8B4A-11D0-8D11-00A0C91BC942}") = "ripples", "ripples.vcproj", "{647454D1-C4C3-40B2-93DD-E4E42555D542}"
EndProject
Project("{8BC9CEB8-8B4A-11D0-8D11-00A0C91BC942}") = "rocks", "rocks.vcproj", "{3A5F4222-0C57-44BF-94D2-CCC16D769047}"
EndProject
Project("{8BC9CEB8-8B4A-11D0-8D11-00A0C91BC942}") = "rorschach", "rorschach.vcproj", "{AB792005-5A5E-4A5F-B2C1-D197F46F00C0}"
EndProject
Project("{8BC9CEB8-8B4A-11D0-8D11-00A0C91BC942}") = "rotzoomer", "rotzoomer.vcproj", "{B61E6C87-9576-41E8-9BF9-38DE92C85729}"
EndProject
Project("{8BC9CEB8-8B4A-11D0-8D11-00A0C91BC942}") = "shadebobs", "shadebobs.vcproj", "{71CEBA03-CA2B-4E7F-AD4C-893C60E34C18}"
EndProject
Project("{8BC9CEB8-8B4A-11D0-8D11-00A0C91BC942}") = "speedmine", "speedmine.vcproj", "{45413B3F-D070-4472-A17E-4A8EA06F5C7B}"
EndProject
Project("{8BC9CEB8-8B4A-11D0-8D11-00A0C91BC942}") = "spotlight", "spotlight.vcproj", "{EBC5DC51-7D54-41B5-86BA-1D9963FD5F15}"
EndProject
Project("{8BC9CEB8-8B4A-11D0-8D11-00A0C91BC942}") = "squiral", "squiral.vcproj", "{B563492E-7AC8-441D-9028-4868EF3B5EB4}"
EndProject
Project("{8BC9CEB8-8B4A-11D0-8D11-00A0C91BC942}") = "starfish", "starfish.vcproj", "{DF4311C9-3DD5-4715-9C46-351F352A5162}"
EndProject
Project("{8BC9CEB8-8B4A-11D0-8D11-00A0C91BC942}") = "substrate", "substrate.vcproj", "{3290CA6C-4A10-4B36-9B4B-B8848CE147E1}"
EndProject
Project("{8BC9CEB8-8B4A-11D0-8D11-00A0C91BC942}") = "t3d", "t3d.vcproj", "{E9B0E3A6-1F63-4D27-B977-F75925A7CBA7}"
EndProject
Project("{8BC9CEB8-8B4A-11D0-8D11-00A0C91BC942}") = "truchet", "truchet.vcproj", "{3AB1751E-C1E2-49C6-BFE7-28B9A053CA1F}"
EndProject
Project("{8BC9CEB8-8B4A-11D0-8D11-00A0C91BC942}") = "twang", "twang.vcproj", "{5870DE12-6891-4476-B5FE-8CD0E1D0DE60}"
EndProject
Project("{8BC9CEB8-8B4A-11D0-8D11-00A0C91BC942}") = "vermiculate", "vermiculate.vcproj", "{2D49A0AD-2D42-421E-9A82-F2A19FA43CFA}"
EndProject
Project("{8BC9CEB8-8B4A-11D0-8D11-00A0C91BC942}") = "wander", "wander.vcproj", "{474FF12B-A41A-4EBE-9481-E133E2C87E13}"
EndProject
Project("{8BC9CEB8-8B4A-11D0-8D11-00A0C91BC942}") = "whirlwindwarp", "whirlwindwarp.vcproj", "{0AC40FB1-643A-4577-BF31-FE37D7FD4C92}"
EndProject
Project("{8BC9CEB8-8B4A-11D0-8D11-00A0C91BC942}") = "whirlygig", "whirlygig.vcproj", "{BEA59E6C-116B-46E8-B7FB-805990D43004}"
EndProject
Project("{8BC9CEB8-8B4A-11D0-8D11-00A0C91BC942}") = "wormhole", "wormhole.vcproj", "{2EE960CC-DC47-4C29-8BED-23816B288F96}"
EndProject
Project("{8BC9CEB8-8B4A-11D0-8D11-00A0C91BC942}") = "xrayswarm", "xrayswarm.vcproj", "{EF1260C8-DCD5-4FDE-A236-694B4DFEEF2F}"
EndProject
Project("{8BC9CEB8-8B4A-11D0-8D11-00A0C91BC942}") = "xspirograph", "xspirograph.vcproj", "{96FF669E-BC2C-45AD-A1E9-27D0E1DF2353}"
EndProject
Project("{8BC9CEB8-8B4A-11D0-8D11-00A0C91BC942}") = "zoom", "zoom.vcproj", "{944C587D-568D-40D3-ABDE-FAA8C314BC99}"
EndProject
Project("{8BC9CEB8-8B4A-11D0-8D11-00A0C91BC942}") = "cwaves", "cwaves.vcproj", "{2CDA45F2-95F2-4806-8009-458746179439}"
EndProject
Project("{8BC9CEB8-8B4A-11D0-8D11-00A0C91BC942}") = "decayscreen", "decayscreen.vcproj", "{F249ACCD-3A95-4252-93DE-70696FFC9883}"
EndProject
Project("{8BC9CEB8-8B4A-11D0-8D11-00A0C91BC942}") = "deluxe", "deluxe.vcproj", "{8F39D7D4-61B0-4256-B6F0-03D7CFE0D18C}"
EndProject
Project("{8BC9CEB8-8B4A-11D0-8D11-00A0C91BC942}") = "blitspin", "blitspin.vcproj", "{285D2DAB-FC4F-47FE-8C90-EBB7D7FA23A9}"
EndProject
Project("{8BC9CEB8-8B4A-11D0-8D11-00A0C91BC942}") = "bubbles", "bubbles.vcproj", "{19045B7C-A7F0-4769-8119-AC2575839F92}"
EndProject
Project("{8BC9CEB8-8B4A-11D0-8D11-00A0C91BC942}") = "boxfit", "boxfit.vcproj", "{70AE376E-2F1A-4867-A961-5276FC77E2FA}"
EndProject
Project("{8BC9CEB8-8B4A-11D0-8D11-00A0C91BC942}") = "xflame", "xflame.vcproj", "{5A3BD2AE-DCE5-49F0-AAF0-54CD8D1F6E07}"
EndProject
Project("{8BC9CEB8-8B4A-11D0-8D11-00A0C91BC942}") = "fluidballs", "fluidballs.vcproj", "{69C7A37A-484F-4D29-BDC4-A6A0F590A1AF}"
EndProject
Project("{8BC9CEB8-8B4A-11D0-8D11-00A0C91BC942}") = "goop", "goop.vcproj", "{535052AD-960D-4C1E-A0C9-40CD7E88B54B}"
EndProject
Project("{8BC9CEB8-8B4A-11D0-8D11-00A0C91BC942}") = "memscroller", "memscroller.vcproj", "{AC3B34B9-9711-4D32-B9FA-47B4382EE265}"
EndProject
Project("{8BC9CEB8-8B4A-11D0-8D11-00A0C91BC942}") = "flag", "flag.vcproj", "{583B71E1-2B97-4A51-9430-D0DD48D86298}"
EndProject
Project("{8BC9CEB8-8B4A-11D0-8D11-00A0C91BC942}") = "qix", "qix.vcproj", "{1ABA6097-0CCF-4836-9BED-FEE2F8875A42}"
EndProject
Project("{8BC9CEB8-8B4A-11D0-8D11-00A0C91BC942}") = "xjack", "xjack.vcproj", "{99D17ADC-FF2A-4AED-A82A-F3A634A1B2E1}"
EndProject
Project("{8BC9CEB8-8B4A-11D0-8D11-00A0C91BC942}") = "xlyap", "xlyap.vcproj", "{321F0BA1-4818-4690-AB7A-EF8F5619B4E5}"
EndProject
Project("{8BC9CEB8-8B4A-11D0-8D11-00A0C91BC942}") = "popsquares", "popsquares.vcproj", "{CF76C8BC-1C44-4BA5-BCED-A818F2A18965}"
EndProject
Project("{8BC9CEB8-8B4A-11D0-8D11-00A0C91BC942}") = "penetrate", "penetrate.vcproj", "{BC73FD5A-01FF-4C6F-8E2F-4753A571C86F}"
EndProject
Project("{8BC9CEB8-8B4A-11D0-8D11-00A0C91BC942}") = "juggle", "juggle.vcproj", "{078687BC-6887-42DA-989D-3F06B7E5AA59}"
EndProject
Project("{8BC9CEB8-8B4A-11D0-8D11-00A0C91BC942}") = "ifs", "ifs.vcproj", "{EE214278-A06E-48D1-8C1F-9EB1B32D35C4}"
EndProject
Project("{8BC9CEB8-8B4A-11D0-8D11-00A0C91BC942}") = "distort", "distort.vcproj", "{42F3D172-1832-40CD-B05B-38E83A946A8F}"
EndProject
Project("{8BC9CEB8-8B4A-11D0-8D11-00A0C91BC942}") = "xanalogtv", "xanalogtv.vcproj", "{04493739-1EAE-4CB8-899F-0586680E0B93}"
EndProject
Project("{8BC9CEB8-8B4A-11D0-8D11-00A0C91BC942}") = "xmatrix", "xmatrix.vcproj", "{68B4F768-4404-42A3-974D-9240D81C4B5B}"
EndProject
Project("{8BC9CEB8-8B4A-11D0-8D11-00A0C91BC942}") = "noseguy", "noseguy.vcproj", "{6A6FC42B-CD59-470A-A7A2-3610ECAE6CC2}"
EndProject
Project("{8BC9CEB8-8B4A-11D0-8D11-00A0C91BC942}") = "phosphor", "phosphor.vcproj", "{17601637-E6CB-496C-BA1C-0CA605170956}"
EndProject
Project("{8BC9CEB8-8B4A-11D0-8D11-00A0C91BC942}") = "fontglide", "fontglide.vcproj", "{3CD35258-1E58-4421-87DA-5FE7BE5333E7}"
EndProject
Project("{8BC9CEB8-8B4A-11D0-8D11-00A0C91BC942}") = "apple2", "apple2.vcproj", "{986648E3-3E3E-481E-A3C8-5FF5CCE2AC87}"
EndProject
Project("{8BC9CEB8-8B4A-11D0-8D11-00A0C91BC942}") = "kaleidescope", "kaleidescope.vcproj", "{EDB1AFB5-054C-49D3-B435-8447A4DA79C6}"
EndProject
Project("{8BC9CEB8-8B4A-11D0-8D11-00A0C91BC942}") = "pong", "pong.vcproj", "{BACE2ECB-323A-4BBF-82BD-E782F6FFDA83}"
EndProject
Global
	GlobalSection(SolutionConfigurationPlatforms) = preSolution
		Debug|Win32 = Debug|Win32
		Release|Win32 = Release|Win32
	EndGlobalSection
	GlobalSection(ProjectConfigurationPlatforms) = postSolution
		{28DA1F02-A5B3-4128-9787-128E3EF097E3}.Debug|Win32.ActiveCfg = Debug|Win32
		{28DA1F02-A5B3-4128-9787-128E3EF097E3}.Debug|Win32.Build.0 = Debug|Win32
		{28DA1F02-A5B3-4128-9787-128E3EF097E3}.Release|Win32.ActiveCfg = Release|Win32
		{28DA1F02-A5B3-4128-9787-128E3EF097E3}.Release|Win32.Build.0 = Release|Win32
		{05864679-7084-4F7F-A162-175BB1577D32}.Debug|Win32.ActiveCfg = Debug|Win32
		{05864679-7084-4F7F-A162-175BB1577D32}.Debug|Win32.Build.0 = Debug|Win32
		{05864679-7084-4F7F-A162-175BB1577D32}.Release|Win32.ActiveCfg = Release|Win32
		{05864679-7084-4F7F-A162-175BB1577D32}.Release|Win32.Build.0 = Release|Win32
		{709C82EB-E824-4383-B396-8D02AAEEBA7C}.Debug|Win32.ActiveCfg = Debug|Win32
		{709C82EB-E824-4383-B396-8D02AAEEBA7C}.Debug|Win32.Build.0 = Debug|Win32
		{709C82EB-E824-4383-B396-8D02AAEEBA7C}.Release|Win32.ActiveCfg = Release|Win32
		{709C82EB-E824-4383-B396-8D02AAEEBA7C}.Release|Win32.Build.0 = Release|Win32
		{A29D9A16-9606-46D3-A245-3AA7B09649C6}.Debug|Win32.ActiveCfg = Debug|Win32
		{A29D9A16-9606-46D3-A245-3AA7B09649C6}.Debug|Win32.Build.0 = Debug|Win32
		{A29D9A16-9606-46D3-A245-3AA7B09649C6}.Release|Win32.ActiveCfg = Release|Win32
		{A29D9A16-9606-46D3-A245-3AA7B09649C6}.Release|Win32.Build.0 = Release|Win32
		{0FCE6826-33A9-4F89-B007-FF644BBE47E8}.Debug|Win32.ActiveCfg = Debug|Win32
		{0FCE6826-33A9-4F89-B007-FF644BBE47E8}.Debug|Win32.Build.0 = Debug|Win32
		{0FCE6826-33A9-4F89-B007-FF644BBE47E8}.Release|Win32.ActiveCfg = Release|Win32
		{0FCE6826-33A9-4F89-B007-FF644BBE47E8}.Release|Win32.Build.0 = Release|Win32
		{0D856C8F-6203-4B31-B87E-7C1EB761161B}.Debug|Win32.ActiveCfg = Debug|Win32
		{0D856C8F-6203-4B31-B87E-7C1EB761161B}.Debug|Win32.Build.0 = Debug|Win32
		{0D856C8F-6203-4B31-B87E-7C1EB761161B}.Release|Win32.ActiveCfg = Release|Win32
		{0D856C8F-6203-4B31-B87E-7C1EB761161B}.Release|Win32.Build.0 = Release|Win32
		{902574B0-BE92-4DEA-A653-C8D8C0B2F3CF}.Debug|Win32.ActiveCfg = Debug|Win32
		{902574B0-BE92-4DEA-A653-C8D8C0B2F3CF}.Debug|Win32.Build.0 = Debug|Win32
		{902574B0-BE92-4DEA-A653-C8D8C0B2F3CF}.Release|Win32.ActiveCfg = Release|Win32
		{902574B0-BE92-4DEA-A653-C8D8C0B2F3CF}.Release|Win32.Build.0 = Release|Win32
		{F7402562-1C80-4458-A990-75FB2BE3480E}.Debug|Win32.ActiveCfg = Debug|Win32
		{F7402562-1C80-4458-A990-75FB2BE3480E}.Debug|Win32.Build.0 = Debug|Win32
		{F7402562-1C80-4458-A990-75FB2BE3480E}.Release|Win32.ActiveCfg = Release|Win32
		{F7402562-1C80-4458-A990-75FB2BE3480E}.Release|Win32.Build.0 = Release|Win32
		{85D53F97-F23E-4899-BE03-71FEA8F34B10}.Debug|Win32.ActiveCfg = Debug|Win32
		{85D53F97-F23E-4899-BE03-71FEA8F34B10}.Debug|Win32.Build.0 = Debug|Win32
		{85D53F97-F23E-4899-BE03-71FEA8F34B10}.Release|Win32.ActiveCfg = Release|Win32
		{85D53F97-F23E-4899-BE03-71FEA8F34B10}.Release|Win32.Build.0 = Release|Win32
		{9CDC27AE-884C-447C-A3DA-316D24EB9EB4}.Debug|Win32.ActiveCfg = Debug|Win32
		{9CDC27AE-884C-447C-A3DA-316D24EB9EB4}.Debug|Win32.Build.0 = Debug|Win32
		{9CDC27AE-884C-447C-A3DA-316D24EB9EB4}.Release|Win32.ActiveCfg = Release|Win32
		{9CDC27AE-884C-447C-A3DA-316D24EB9EB4}.Release|Win32.Build.0 = Release|Win32
		{F2651F50-9D08-49B4-9DC3-946C98F05226}.Debug|Win32.ActiveCfg = Debug|Win32
		{F2651F50-9D08-49B4-9DC3-946C98F05226}.Debug|Win32.Build.0 = Debug|Win32
		{F2651F50-9D08-49B4-9DC3-946C98F05226}.Release|Win32.ActiveCfg = Release|Win32
		{F2651F50-9D08-49B4-9DC3-946C98F05226}.Release|Win32.Build.0 = Release|Win32
		{BE598D02-E4AC-45C3-A703-566E489AB20C}.Debug|Win32.ActiveCfg = Debug|Win32
		{BE598D02-E4AC-45C3-A703-566E489AB20C}.Debug|Win32.Build.0 = Debug|Win32
		{BE598D02-E4AC-45C3-A703-566E489AB20C}.Release|Win32.ActiveCfg = Release|Win32
		{BE598D02-E4AC-45C3-A703-566E489AB20C}.Release|Win32.Build.0 = Release|Win32
		{25BA89F4-ED82-4105-8214-0F18DBBA2D55}.Debug|Win32.ActiveCfg = Debug|Win32
		{25BA89F4-ED82-4105-8214-0F18DBBA2D55}.Debug|Win32.Build.0 = Debug|Win32
		{25BA89F4-ED82-4105-8214-0F18DBBA2D55}.Release|Win32.ActiveCfg = Release|Win32
		{25BA89F4-ED82-4105-8214-0F18DBBA2D55}.Release|Win32.Build.0 = Release|Win32
		{B06CB44F-DD8A-4C0B-8602-680400AF3E83}.Debug|Win32.ActiveCfg = Debug|Win32
		{B06CB44F-DD8A-4C0B-8602-680400AF3E83}.Debug|Win32.Build.0 = Debug|Win32
		{B06CB44F-DD8A-4C0B-8602-680400AF3E83}.Release|Win32.ActiveCfg = Release|Win32
		{B06CB44F-DD8A-4C0B-8602-680400AF3E83}.Release|Win32.Build.0 = Release|Win32
		{E3BABE02-1538-4CD7-BAE1-D9499CA11AB6}.Debug|Win32.ActiveCfg = Debug|Win32
		{E3BABE02-1538-4CD7-BAE1-D9499CA11AB6}.Debug|Win32.Build.0 = Debug|Win32
		{E3BABE02-1538-4CD7-BAE1-D9499CA11AB6}.Release|Win32.ActiveCfg = Release|Win32
		{E3BABE02-1538-4CD7-BAE1-D9499CA11AB6}.Release|Win32.Build.0 = Release|Win32
		{EF9B3929-2382-4E80-92A0-193E4850B810}.Debug|Win32.ActiveCfg = Debug|Win32
		{EF9B3929-2382-4E80-92A0-193E4850B810}.Debug|Win32.Build.0 = Debug|Win32
		{EF9B3929-2382-4E80-92A0-193E4850B810}.Release|Win32.ActiveCfg = Release|Win32
		{EF9B3929-2382-4E80-92A0-193E4850B810}.Release|Win32.Build.0 = Release|Win32
		{573F1176-FEA9-48A8-928D-68533DC5F115}.Debug|Win32.ActiveCfg = Debug|Win32
		{573F1176-FEA9-48A8-928D-68533DC5F115}.Debug|Win32.Build.0 = Debug|Win32
		{573F1176-FEA9-48A8-928D-68533DC5F115}.Release|Win32.ActiveCfg = Release|Win32
		{573F1176-FEA9-48A8-928D-68533DC5F115}.Release|Win32.Build.0 = Release|Win32
		{9E02D31B-BDBF-4F29-AB08-8A1A16C54E2A}.Debug|Win32.ActiveCfg = Debug|Win32
		{9E02D31B-BDBF-4F29-AB08-8A1A16C54E2A}.Debug|Win32.Build.0 = Debug|Win32
		{9E02D31B-BDBF-4F29-AB08-8A1A16C54E2A}.Release|Win32.ActiveCfg = Release|Win32
		{9E02D31B-BDBF-4F29-AB08-8A1A16C54E2A}.Release|Win32.Build.0 = Release|Win32
		{97855027-24EE-44D2-88F5-6E8C8BE40B93}.Debug|Win32.ActiveCfg = Debug|Win32
		{97855027-24EE-44D2-88F5-6E8C8BE40B93}.Debug|Win32.Build.0 = Debug|Win32
		{97855027-24EE-44D2-88F5-6E8C8BE40B93}.Release|Win32.ActiveCfg = Release|Win32
		{97855027-24EE-44D2-88F5-6E8C8BE40B93}.Release|Win32.Build.0 = Release|Win32
		{CF148A19-0B94-456C-BE13-02BF53FF7300}.Debug|Win32.ActiveCfg = Debug|Win32
		{CF148A19-0B94-456C-BE13-02BF53FF7300}.Debug|Win32.Build.0 = Debug|Win32
		{CF148A19-0B94-456C-BE13-02BF53FF7300}.Release|Win32.ActiveCfg = Release|Win32
		{CF148A19-0B94-456C-BE13-02BF53FF7300}.Release|Win32.Build.0 = Release|Win32
		{96C4F470-F0AB-4216-9E7A-93382E74801A}.Debug|Win32.ActiveCfg = Debug|Win32
		{96C4F470-F0AB-4216-9E7A-93382E74801A}.Debug|Win32.Build.0 = Debug|Win32
		{96C4F470-F0AB-4216-9E7A-93382E74801A}.Release|Win32.ActiveCfg = Release|Win32
		{96C4F470-F0AB-4216-9E7A-93382E74801A}.Release|Win32.Build.0 = Release|Win32
		{8258E6E5-D63D-4C58-81DC-151B5A3DB4A7}.Debug|Win32.ActiveCfg = Debug|Win32
		{8258E6E5-D63D-4C58-81DC-151B5A3DB4A7}.Debug|Win32.Build.0 = Debug|Win32
		{8258E6E5-D63D-4C58-81DC-151B5A3DB4A7}.Release|Win32.ActiveCfg = Release|Win32
		{8258E6E5-D63D-4C58-81DC-151B5A3DB4A7}.Release|Win32.Build.0 = Release|Win32
		{A289AB05-DA08-4F50-A711-173BD778BC04}.Debug|Win32.ActiveCfg = Debug|Win32
		{A289AB05-DA08-4F50-A711-173BD778BC04}.Debug|Win32.Build.0 = Debug|Win32
		{A289AB05-DA08-4F50-A711-173BD778BC04}.Release|Win32.ActiveCfg = Release|Win32
		{A289AB05-DA08-4F50-A711-173BD778BC04}.Release|Win32.Build.0 = Release|Win32
		{F881227E-A9B2-4DAD-948C-63DC2F6ED480}.Debug|Win32.ActiveCfg = Debug|Win32
		{F881227E-A9B2-4DAD-948C-63DC2F6ED480}.Debug|Win32.Build.0 = Debug|Win32
		{F881227E-A9B2-4DAD-948C-63DC2F6ED480}.Release|Win32.ActiveCfg = Release|Win32
		{F881227E-A9B2-4DAD-948C-63DC2F6ED480}.Release|Win32.Build.0 = Release|Win32
		{689DCE16-AF54-48D5-BE21-87EEB2A592F6}.Debug|Win32.ActiveCfg = Debug|Win32
		{689DCE16-AF54-48D5-BE21-87EEB2A592F6}.Debug|Win32.Build.0 = Debug|Win32
		{689DCE16-AF54-48D5-BE21-87EEB2A592F6}.Release|Win32.ActiveCfg = Release|Win32
		{689DCE16-AF54-48D5-BE21-87EEB2A592F6}.Release|Win32.Build.0 = Release|Win32
		{D45FB1EB-D57E-4D66-BB02-F178A3BFA929}.Debug|Win32.ActiveCfg = Debug|Win32
		{D45FB1EB-D57E-4D66-BB02-F178A3BFA929}.Debug|Win32.Build.0 = Debug|Win32
		{D45FB1EB-D57E-4D66-BB02-F178A3BFA929}.Release|Win32.ActiveCfg = Release|Win32
		{D45FB1EB-D57E-4D66-BB02-F178A3BFA929}.Release|Win32.Build.0 = Release|Win32
		{FD32AB2D-DA9C-436A-B6C9-4E88CEDD3CAC}.Debug|Win32.ActiveCfg = Debug|Win32
		{FD32AB2D-DA9C-436A-B6C9-4E88CEDD3CAC}.Debug|Win32.Build.0 = Debug|Win32
		{FD32AB2D-DA9C-436A-B6C9-4E88CEDD3CAC}.Release|Win32.ActiveCfg = Release|Win32
		{FD32AB2D-DA9C-436A-B6C9-4E88CEDD3CAC}.Release|Win32.Build.0 = Release|Win32
		{5F2D2D19-1552-4342-9BC3-B45E4D0CA241}.Debug|Win32.ActiveCfg = Debug|Win32
		{5F2D2D19-1552-4342-9BC3-B45E4D0CA241}.Debug|Win32.Build.0 = Debug|Win32
		{5F2D2D19-1552-4342-9BC3-B45E4D0CA241}.Release|Win32.ActiveCfg = Release|Win32
		{5F2D2D19-1552-4342-9BC3-B45E4D0CA241}.Release|Win32.Build.0 = Release|Win32
		{34E1D0AC-FFB1-421F-BE14-575DFC02A9E8}.Debug|Win32.ActiveCfg = Debug|Win32
		{34E1D0AC-FFB1-421F-BE14-575DFC02A9E8}.Debug|Win32.Build.0 = Debug|Win32
		{34E1D0AC-FFB1-421F-BE14-575DFC02A9E8}.Release|Win32.ActiveCfg = Release|Win32
		{34E1D0AC-FFB1-421F-BE14-575DFC02A9E8}.Release|Win32.Build.0 = Release|Win32
		{B6664F00-44DC-4CDC-9720-D8B44B8369A7}.Debug|Win32.ActiveCfg = Debug|Win32
		{B6664F00-44DC-4CDC-9720-D8B44B8369A7}.Debug|Win32.Build.0 = Debug|Win32
		{B6664F00-44DC-4CDC-9720-D8B44B8369A7}.Release|Win32.ActiveCfg = Release|Win32
		{B6664F00-44DC-4CDC-9720-D8B44B8369A7}.Release|Win32.Build.0 = Release|Win32
		{370BAB1D-1DBA-4447-B5E5-7E00669E619F}.Debug|Win32.ActiveCfg = Debug|Win32
		{370BAB1D-1DBA-4447-B5E5-7E00669E619F}.Debug|Win32.Build.0 = Debug|Win32
		{370BAB1D-1DBA-4447-B5E5-7E00669E619F}.Release|Win32.ActiveCfg = Release|Win32
		{370BAB1D-1DBA-4447-B5E5-7E00669E619F}.Release|Win32.Build.0 = Release|Win32
		{D274030C-CBA1-4F32-B1A1-2480E00E325A}.Debug|Win32.ActiveCfg = Debug|Win32
		{D274030C-CBA1-4F32-B1A1-2480E00E325A}.Debug|Win32.Build.0 = Debug|Win32
		{D274030C-CBA1-4F32-B1A1-2480E00E325A}.Release|Win32.ActiveCfg = Release|Win32
		{D274030C-CBA1-4F32-B1A1-2480E00E325A}.Release|Win32.Build.0 = Release|Win32
		{34B02AB2-6702-4D85-80E7-56127BCCD3BD}.Debug|Win32.ActiveCfg = Debug|Win32
		{34B02AB2-6702-4D85-80E7-56127BCCD3BD}.Debug|Win32.Build.0 = Debug|Win32
		{34B02AB2-6702-4D85-80E7-56127BCCD3BD}.Release|Win32.ActiveCfg = Release|Win32
		{34B02AB2-6702-4D85-80E7-56127BCCD3BD}.Release|Win32.Build.0 = Release|Win32
		{4FC99373-4499-406F-93AF-1B31DF6848C0}.Debug|Win32.ActiveCfg = Debug|Win32
		{4FC99373-4499-406F-93AF-1B31DF6848C0}.Debug|Win32.Build.0 = Debug|Win32
		{4FC99373-4499-406F-93AF-1B31DF6848C0}.Release|Win32.ActiveCfg = Release|Win32
		{4FC99373-4499-406F-93AF-1B31DF6848C0}.Release|Win32.Build.0 = Release|Win32
		{07DA7007-B6FB-4DA7-8C1E-5359B40D2046}.Debug|Win32.ActiveCfg = Debug|Win32
		{07DA7007-B6FB-4DA7-8C1E-5359B40D2046}.Debug|Win32.Build.0 = Debug|Win32
		{07DA7007-B6FB-4DA7-8C1E-5359B40D2046}.Release|Win32.ActiveCfg = Release|Win32
		{07DA7007-B6FB-4DA7-8C1E-5359B40D2046}.Release|Win32.Build.0 = Release|Win32
		{EA510D80-DE8C-4571-885A-7B436A1AF479}.Debug|Win32.ActiveCfg = Debug|Win32
		{EA510D80-DE8C-4571-885A-7B436A1AF479}.Debug|Win32.Build.0 = Debug|Win32
		{EA510D80-DE8C-4571-885A-7B436A1AF479}.Release|Win32.ActiveCfg = Release|Win32
		{EA510D80-DE8C-4571-885A-7B436A1AF479}.Release|Win32.Build.0 = Release|Win32
		{F93242D6-375B-4F9B-B046-74F7A48E21BC}.Debug|Win32.ActiveCfg = Debug|Win32
		{F93242D6-375B-4F9B-B046-74F7A48E21BC}.Debug|Win32.Build.0 = Debug|Win32
		{F93242D6-375B-4F9B-B046-74F7A48E21BC}.Release|Win32.ActiveCfg = Release|Win32
		{F93242D6-375B-4F9B-B046-74F7A48E21BC}.Release|Win32.Build.0 = Release|Win32
		{8FCB37FE-1519-45EE-87EA-E881F070EC36}.Debug|Win32.ActiveCfg = Debug|Win32
		{8FCB37FE-1519-45EE-87EA-E881F070EC36}.Debug|Win32.Build.0 = Debug|Win32
		{8FCB37FE-1519-45EE-87EA-E881F070EC36}.Release|Win32.ActiveCfg = Release|Win32
		{8FCB37FE-1519-45EE-87EA-E881F070EC36}.Release|Win32.Build.0 = Release|Win32
		{A42549BF-E06D-464A-90A8-92B6BF6FC1F4}.Debug|Win32.ActiveCfg = Debug|Win32
		{A42549BF-E06D-464A-90A8-92B6BF6FC1F4}.Debug|Win32.Build.0 = Debug|Win32
		{A42549BF-E06D-464A-90A8-92B6BF6FC1F4}.Release|Win32.ActiveCfg = Release|Win32
		{A42549BF-E06D-464A-90A8-92B6BF6FC1F4}.Release|Win32.Build.0 = Release|Win32
		{DD7D4CA7-66FF-4327-A02F-B4063B4B6FDD}.Debug|Win32.ActiveCfg = Debug|Win32
		{DD7D4CA7-66FF-4327-A02F-B4063B4B6FDD}.Debug|Win32.Build.0 = Debug|Win32
		{DD7D4CA7-66FF-4327-A02F-B4063B4B6FDD}.Release|Win32.ActiveCfg = Release|Win32
		{DD7D4CA7-66FF-4327-A02F-B4063B4B6FDD}.Release|Win32.Build.0 = Release|Win32
		{8656BFC8-12A2-40FC-9B3A-68D14FE920C8}.Debug|Win32.ActiveCfg = Debug|Win32
		{8656BFC8-12A2-40FC-9B3A-68D14FE920C8}.Debug|Win32.Build.0 = Debug|Win32
		{8656BFC8-12A2-40FC-9B3A-68D14FE920C8}.Release|Win32.ActiveCfg = Release|Win32
		{8656BFC8-12A2-40FC-9B3A-68D14FE920C8}.Release|Win32.Build.0 = Release|Win32
		{EFE9903C-7563-4E86-BD4D-C1FA9FA1E2EE}.Debug|Win32.ActiveCfg = Debug|Win32
		{EFE9903C-7563-4E86-BD4D-C1FA9FA1E2EE}.Debug|Win32.Build.0 = Debug|Win32
		{EFE9903C-7563-4E86-BD4D-C1FA9FA1E2EE}.Release|Win32.ActiveCfg = Release|Win32
		{EFE9903C-7563-4E86-BD4D-C1FA9FA1E2EE}.Release|Win32.Build.0 = Release|Win32
		{BBF49655-0189-4E0D-BE55-6D9515EB3A2C}.Debug|Win32.ActiveCfg = Debug|Win32
		{BBF49655-0189-4E0D-BE55-6D9515EB3A2C}.Debug|Win32.Build.0 = Debug|Win32
		{BBF49655-0189-4E0D-BE55-6D9515EB3A2C}.Release|Win32.ActiveCfg = Release|Win32
		{BBF49655-0189-4E0D-BE55-6D9515EB3A2C}.Release|Win32.Build.0 = Release|Win32
		{C137BB39-0016-4864-8296-D92308E6789F}.Debug|Win32.ActiveCfg = Debug|Win32
		{C137BB39-0016-4864-8296-D92308E6789F}.Debug|Win32.Build.0 = Debug|Win32
		{C137BB39-0016-4864-8296-D92308E6789F}.Release|Win32.ActiveCfg = Release|Win32
		{C137BB39-0016-4864-8296-D92308E6789F}.Release|Win32.Build.0 = Release|Win32
		{1B59BF89-BEF9-492D-980F-FC4D80DD4BF1}.Debug|Win32.ActiveCfg = Debug|Win32
		{1B59BF89-BEF9-492D-980F-FC4D80DD4BF1}.Debug|Win32.Build.0 = Debug|Win32
		{1B59BF89-BEF9-492D-980F-FC4D80DD4BF1}.Release|Win32.ActiveCfg = Release|Win32
		{1B59BF89-BEF9-492D-980F-FC4D80DD4BF1}.Release|Win32.Build.0 = Release|Win32
		{5EC71D5D-A47E-4CE9-BB4C-48764DEFC197}.Debug|Win32.ActiveCfg = Debug|Win32
		{5EC71D5D-A47E-4CE9-BB4C-48764DEFC197}.Debug|Win32.Build.0 = Debug|Win32
		{5EC71D5D-A47E-4CE9-BB4C-48764DEFC197}.Release|Win32.ActiveCfg = Release|Win32
		{5EC71D5D-A47E-4CE9-BB4C-48764DEFC197}.Release|Win32.Build.0 = Release|Win32
		{A0E02EE5-EC0E-43F9-AB61-E23723E2C6E4}.Debug|Win32.ActiveCfg = Debug|Win32
		{A0E02EE5-EC0E-43F9-AB61-E23723E2C6E4}.Debug|Win32.Build.0 = Debug|Win32
		{A0E02EE5-EC0E-43F9-AB61-E23723E2C6E4}.Release|Win32.ActiveCfg = Release|Win32
		{A0E02EE5-EC0E-43F9-AB61-E23723E2C6E4}.Release|Win32.Build.0 = Release|Win32
		{E33509D3-4B6E-4E9E-BA5A-0D033811101D}.Debug|Win32.ActiveCfg = Debug|Win32
		{E33509D3-4B6E-4E9E-BA5A-0D033811101D}.Debug|Win32.Build.0 = Debug|Win32
		{E33509D3-4B6E-4E9E-BA5A-0D033811101D}.Release|Win32.ActiveCfg = Release|Win32
		{E33509D3-4B6E-4E9E-BA5A-0D033811101D}.Release|Win32.Build.0 = Release|Win32
		{BB1737B4-37E3-4ED3-89B3-6CDF126C4EF6}.Debug|Win32.ActiveCfg = Debug|Win32
		{BB1737B4-37E3-4ED3-89B3-6CDF126C4EF6}.Debug|Win32.Build.0 = Debug|Win32
		{BB1737B4-37E3-4ED3-89B3-6CDF126C4EF6}.Release|Win32.ActiveCfg = Release|Win32
		{BB1737B4-37E3-4ED3-89B3-6CDF126C4EF6}.Release|Win32.Build.0 = Release|Win32
		{F29F35FD-B5CF-4C36-B3E1-BC4412401BB9}.Debug|Win32.ActiveCfg = Debug|Win32
		{F29F35FD-B5CF-4C36-B3E1-BC4412401BB9}.Debug|Win32.Build.0 = Debug|Win32
		{F29F35FD-B5CF-4C36-B3E1-BC4412401BB9}.Release|Win32.ActiveCfg = Release|Win32
		{F29F35FD-B5CF-4C36-B3E1-BC4412401BB9}.Release|Win32.Build.0 = Release|Win32
		{151C71CD-2B7D-4F19-8B40-9A244FE93160}.Debug|Win32.ActiveCfg = Debug|Win32
		{151C71CD-2B7D-4F19-8B40-9A244FE93160}.Debug|Win32.Build.0 = Debug|Win32
		{151C71CD-2B7D-4F19-8B40-9A244FE93160}.Release|Win32.ActiveCfg = Release|Win32
		{151C71CD-2B7D-4F19-8B40-9A244FE93160}.Release|Win32.Build.0 = Release|Win32
		{1A08A4B5-3A4A-427A-895C-C3B189D611D7}.Debug|Win32.ActiveCfg = Debug|Win32
		{1A08A4B5-3A4A-427A-895C-C3B189D611D7}.Debug|Win32.Build.0 = Debug|Win32
		{1A08A4B5-3A4A-427A-895C-C3B189D611D7}.Release|Win32.ActiveCfg = Release|Win32
		{1A08A4B5-3A4A-427A-895C-C3B189D611D7}.Release|Win32.Build.0 = Release|Win32
		{00FF56CB-47F4-4A92-B532-68FA019A9E82}.Debug|Win32.ActiveCfg = Debug|Win32
		{00FF56CB-47F4-4A92-B532-68FA019A9E82}.Debug|Win32.Build.0 = Debug|Win32
		{00FF56CB-47F4-4A92-B532-68FA019A9E82}.Release|Win32.ActiveCfg = Release|Win32
		{00FF56CB-47F4-4A92-B532-68FA019A9E82}.Release|Win32.Build.0 = Release|Win32
		{F343DC33-650B-45F4-8BEF-1382C5CA55B6}.Debug|Win32.ActiveCfg = Debug|Win32
		{F343DC33-650B-45F4-8BEF-1382C5CA55B6}.Debug|Win32.Build.0 = Debug|Win32
		{F343DC33-650B-45F4-8BEF-1382C5CA55B6}.Release|Win32.ActiveCfg = Release|Win32
		{F343DC33-650B-45F4-8BEF-1382C5CA55B6}.Release|Win32.Build.0 = Release|Win32
		{83DFF2CB-B8D8-4995-8DB6-B1BE2A811B86}.Debug|Win32.ActiveCfg = Debug|Win32
		{83DFF2CB-B8D8-4995-8DB6-B1BE2A811B86}.Debug|Win32.Build.0 = Debug|Win32
		{83DFF2CB-B8D8-4995-8DB6-B1BE2A811B86}.Release|Win32.ActiveCfg = Release|Win32
		{83DFF2CB-B8D8-4995-8DB6-B1BE2A811B86}.Release|Win32.Build.0 = Release|Win32
		{E43FEDA4-AE14-44CA-A6D0-F9FEF782F50B}.Debug|Win32.ActiveCfg = Debug|Win32
		{E43FEDA4-AE14-44CA-A6D0-F9FEF782F50B}.Debug|Win32.Build.0 = Debug|Win32
		{E43FEDA4-AE14-44CA-A6D0-F9FEF782F50B}.Release|Win32.ActiveCfg = Release|Win32
		{E43FEDA4-AE14-44CA-A6D0-F9FEF782F50B}.Release|Win32.Build.0 = Release|Win32
		{8AA65958-EAAF-4355-B95C-B67C683243CF}.Debug|Win32.ActiveCfg = Debug|Win32
		{8AA65958-EAAF-4355-B95C-B67C683243CF}.Debug|Win32.Build.0 = Debug|Win32
		{8AA65958-EAAF-4355-B95C-B67C683243CF}.Release|Win32.ActiveCfg = Release|Win32
		{8AA65958-EAAF-4355-B95C-B67C683243CF}.Release|Win32.Build.0 = Release|Win32
		{FA273276-1E63-4889-8491-39C02658B637}.Debug|Win32.ActiveCfg = Debug|Win32
		{FA273276-1E63-4889-8491-39C02658B637}.Debug|Win32.Build.0 = Debug|Win32
		{FA273276-1E63-4889-8491-39C02658B637}.Release|Win32.ActiveCfg = Release|Win32
		{FA273276-1E63-4889-8491-39C02658B637}.Release|Win32.Build.0 = Release|Win32
		{5785E43E-B1A1-4455-B355-22258CFF7644}.Debug|Win32.ActiveCfg = Debug|Win32
		{5785E43E-B1A1-4455-B355-22258CFF7644}.Debug|Win32.Build.0 = Debug|Win32
		{5785E43E-B1A1-4455-B355-22258CFF7644}.Release|Win32.ActiveCfg = Release|Win32
		{5785E43E-B1A1-4455-B355-22258CFF7644}.Release|Win32.Build.0 = Release|Win32
		{53CDE9A7-53AF-4AF3-8196-439A270D7D07}.Debug|Win32.ActiveCfg = Debug|Win32
		{53CDE9A7-53AF-4AF3-8196-439A270D7D07}.Debug|Win32.Build.0 = Debug|Win32
		{53CDE9A7-53AF-4AF3-8196-439A270D7D07}.Release|Win32.ActiveCfg = Release|Win32
		{53CDE9A7-53AF-4AF3-8196-439A270D7D07}.Release|Win32.Build.0 = Release|Win32
		{D4A8E76C-9F4F-40AD-A8E6-12E4FCDBB4E0}.Debug|Win32.ActiveCfg = Debug|Win32
		{D4A8E76C-9F4F-40AD-A8E6-12E4FCDBB4E0}.Debug|Win32.Build.0 = Debug|Win32
		{D4A8E76C-9F4F-40AD-A8E6-12E4FCDBB4E0}.Release|Win32.ActiveCfg = Release|Win32
		{D4A8E76C-9F4F-40AD-A8E6-12E4FCDBB4E0}.Release|Win32.Build.0 = Release|Win32
		{28BE8FD1-6BA8-4A9A-93E0-3717CD224048}.Debug|Win32.ActiveCfg = Debug|Win32
		{28BE8FD1-6BA8-4A9A-93E0-3717CD224048}.Debug|Win32.Build.0 = Debug|Win32
		{28BE8FD1-6BA8-4A9A-93E0-3717CD224048}.Release|Win32.ActiveCfg = Release|Win32
		{28BE8FD1-6BA8-4A9A-93E0-3717CD224048}.Release|Win32.Build.0 = Release|Win32
		{F4BEA6E2-89A1-4433-AACB-7DE887670469}.Debug|Win32.ActiveCfg = Debug|Win32
		{F4BEA6E2-89A1-4433-AACB-7DE887670469}.Debug|Win32.Build.0 = Debug|Win32
		{F4BEA6E2-89A1-4433-AACB-7DE887670469}.Release|Win32.ActiveCfg = Release|Win32
		{F4BEA6E2-89A1-4433-AACB-7DE887670469}.Release|Win32.Build.0 = Release|Win32
		{216157E9-4DD5-4A49-83CB-F196C4C8C534}.Debug|Win32.ActiveCfg = Debug|Win32
		{216157E9-4DD5-4A49-83CB-F196C4C8C534}.Debug|Win32.Build.0 = Debug|Win32
		{216157E9-4DD5-4A49-83CB-F196C4C8C534}.Release|Win32.ActiveCfg = Release|Win32
		{216157E9-4DD5-4A49-83CB-F196C4C8C534}.Release|Win32.Build.0 = Release|Win32
		{7035D836-3D72-412B-9483-9122A8F0281B}.Debug|Win32.ActiveCfg = Debug|Win32
		{7035D836-3D72-412B-9483-9122A8F0281B}.Debug|Win32.Build.0 = Debug|Win32
		{7035D836-3D72-412B-9483-9122A8F0281B}.Release|Win32.ActiveCfg = Release|Win32
		{7035D836-3D72-412B-9483-9122A8F0281B}.Release|Win32.Build.0 = Release|Win32
		{C1DEC21A-AB5B-4E05-8E50-6C244BDF18AE}.Debug|Win32.ActiveCfg = Debug|Win32
		{C1DEC21A-AB5B-4E05-8E50-6C244BDF18AE}.Debug|Win32.Build.0 = Debug|Win32
		{C1DEC21A-AB5B-4E05-8E50-6C244BDF18AE}.Release|Win32.ActiveCfg = Release|Win32
		{C1DEC21A-AB5B-4E05-8E50-6C244BDF18AE}.Release|Win32.Build.0 = Release|Win32
		{72016142-8CD6-41A1-BF96-C48E4404304A}.Debug|Win32.ActiveCfg = Debug|Win32
		{72016142-8CD6-41A1-BF96-C48E4404304A}.Debug|Win32.Build.0 = Debug|Win32
		{72016142-8CD6-41A1-BF96-C48E4404304A}.Release|Win32.ActiveCfg = Release|Win32
		{72016142-8CD6-41A1-BF96-C48E4404304A}.Release|Win32.Build.0 = Release|Win32
		{4D1EAD19-C597-4F70-B12D-B5CFE48F9E88}.Debug|Win32.ActiveCfg = Debug|Win32
		{4D1EAD19-C597-4F70-B12D-B5CFE48F9E88}.Debug|Win32.Build.0 = Debug|Win32
		{4D1EAD19-C597-4F70-B12D-B5CFE48F9E88}.Release|Win32.ActiveCfg = Release|Win32
		{4D1EAD19-C597-4F70-B12D-B5CFE48F9E88}.Release|Win32.Build.0 = Release|Win32
		{A757D6A8-755A-4A8C-8053-D9162A765B12}.Debug|Win32.ActiveCfg = Debug|Win32
		{A757D6A8-755A-4A8C-8053-D9162A765B12}.Debug|Win32.Build.0 = Debug|Win32
		{A757D6A8-755A-4A8C-8053-D9162A765B12}.Release|Win32.ActiveCfg = Release|Win32
		{A757D6A8-755A-4A8C-8053-D9162A765B12}.Release|Win32.Build.0 = Release|Win32
		{83C8213F-7536-460B-BAA4-A10A634C9B92}.Debug|Win32.ActiveCfg = Debug|Win32
		{83C8213F-7536-460B-BAA4-A10A634C9B92}.Debug|Win32.Build.0 = Debug|Win32
		{83C8213F-7536-460B-BAA4-A10A634C9B92}.Release|Win32.ActiveCfg = Release|Win32
		{83C8213F-7536-460B-BAA4-A10A634C9B92}.Release|Win32.Build.0 = Release|Win32
		{565A4999-B3A9-47C3-BB8C-8E8B9CF9C034}.Debug|Win32.ActiveCfg = Debug|Win32
		{565A4999-B3A9-47C3-BB8C-8E8B9CF9C034}.Debug|Win32.Build.0 = Debug|Win32
		{565A4999-B3A9-47C3-BB8C-8E8B9CF9C034}.Release|Win32.ActiveCfg = Release|Win32
		{565A4999-B3A9-47C3-BB8C-8E8B9CF9C034}.Release|Win32.Build.0 = Release|Win32
		{01FE0075-1479-4F0F-890D-1F4C47272E0C}.Debug|Win32.ActiveCfg = Debug|Win32
		{01FE0075-1479-4F0F-890D-1F4C47272E0C}.Debug|Win32.Build.0 = Debug|Win32
		{01FE0075-1479-4F0F-890D-1F4C47272E0C}.Release|Win32.ActiveCfg = Release|Win32
		{01FE0075-1479-4F0F-890D-1F4C47272E0C}.Release|Win32.Build.0 = Release|Win32
		{15AD6061-09CF-4350-A9F3-91C622936A17}.Debug|Win32.ActiveCfg = Debug|Win32
		{15AD6061-09CF-4350-A9F3-91C622936A17}.Debug|Win32.Build.0 = Debug|Win32
		{15AD6061-09CF-4350-A9F3-91C622936A17}.Release|Win32.ActiveCfg = Release|Win32
		{15AD6061-09CF-4350-A9F3-91C622936A17}.Release|Win32.Build.0 = Release|Win32
		{EA8C4A4B-BC11-4951-936B-C90B3AC8A896}.Debug|Win32.ActiveCfg = Debug|Win32
		{EA8C4A4B-BC11-4951-936B-C90B3AC8A896}.Debug|Win32.Build.0 = Debug|Win32
		{EA8C4A4B-BC11-4951-936B-C90B3AC8A896}.Release|Win32.ActiveCfg = Release|Win32
		{EA8C4A4B-BC11-4951-936B-C90B3AC8A896}.Release|Win32.Build.0 = Release|Win32
		{5A89F978-F24A-45AC-90BF-DDA02E8224FC}.Debug|Win32.ActiveCfg = Debug|Win32
		{5A89F978-F24A-45AC-90BF-DDA02E8224FC}.Debug|Win32.Build.0 = Debug|Win32
		{5A89F978-F24A-45AC-90BF-DDA02E8224FC}.Release|Win32.ActiveCfg = Release|Win32
		{5A89F978-F24A-45AC-90BF-DDA02E8224FC}.Release|Win32.Build.0 = Release|Win32
		{12DB95AB-93E3-4006-A68F-6EEC6D655C90}.Debug|Win32.ActiveCfg = Debug|Win32
		{12DB95AB-93E3-4006-A68F-6EEC6D655C90}.Debug|Win32.Build.0 = Debug|Win32
		{12DB95AB-93E3-4006-A68F-6EEC6D655C90}.Release|Win32.ActiveCfg = Release|Win32
		{12DB95AB-93E3-4006-A68F-6EEC6D655C90}.Release|Win32.Build.0 = Release|Win32
		{238831AE-2AD1-41EB-979B-4FDFAC507563}.Debug|Win32.ActiveCfg = Debug|Win32
		{238831AE-2AD1-41EB-979B-4FDFAC507563}.Debug|Win32.Build.0 = Debug|Win32
		{238831AE-2AD1-41EB-979B-4FDFAC507563}.Release|Win32.ActiveCfg = Release|Win32
		{238831AE-2AD1-41EB-979B-4FDFAC507563}.Release|Win32.Build.0 = Release|Win32
		{5D695AF5-EFAB-4FC4-B73E-3CF4AF17BC43}.Debug|Win32.ActiveCfg = Debug|Win32
		{5D695AF5-EFAB-4FC4-B73E-3CF4AF17BC43}.Debug|Win32.Build.0 = Debug|Win32
		{5D695AF5-EFAB-4FC4-B73E-3CF4AF17BC43}.Release|Win32.ActiveCfg = Release|Win32
		{5D695AF5-EFAB-4FC4-B73E-3CF4AF17BC43}.Release|Win32.Build.0 = Release|Win32
		{610D90FD-1F7E-4C10-8A93-06E675A306DB}.Debug|Win32.ActiveCfg = Debug|Win32
		{610D90FD-1F7E-4C10-8A93-06E675A306DB}.Debug|Win32.Build.0 = Debug|Win32
		{610D90FD-1F7E-4C10-8A93-06E675A306DB}.Release|Win32.ActiveCfg = Release|Win32
		{610D90FD-1F7E-4C10-8A93-06E675A306DB}.Release|Win32.Build.0 = Release|Win32
		{BD51C16E-1066-4E9B-984E-50F37AA74E6C}.Debug|Win32.ActiveCfg = Debug|Win32
		{BD51C16E-1066-4E9B-984E-50F37AA74E6C}.Debug|Win32.Build.0 = Debug|Win32
		{BD51C16E-1066-4E9B-984E-50F37AA74E6C}.Release|Win32.ActiveCfg = Release|Win32
		{BD51C16E-1066-4E9B-984E-50F37AA74E6C}.Release|Win32.Build.0 = Release|Win32
		{6D878BB7-3075-4F29-BB32-07898485DB46}.Debug|Win32.ActiveCfg = Debug|Win32
		{6D878BB7-3075-4F29-BB32-07898485DB46}.Debug|Win32.Build.0 = Debug|Win32
		{6D878BB7-3075-4F29-BB32-07898485DB46}.Release|Win32.ActiveCfg = Release|Win32
		{6D878BB7-3075-4F29-BB32-07898485DB46}.Release|Win32.Build.0 = Release|Win32
		{6D848E39-4DDC-4B2D-AF19-AB4B8B4A62AA}.Debug|Win32.ActiveCfg = Debug|Win32
		{6D848E39-4DDC-4B2D-AF19-AB4B8B4A62AA}.Debug|Win32.Build.0 = Debug|Win32
		{6D848E39-4DDC-4B2D-AF19-AB4B8B4A62AA}.Release|Win32.ActiveCfg = Release|Win32
		{6D848E39-4DDC-4B2D-AF19-AB4B8B4A62AA}.Release|Win32.Build.0 = Release|Win32
		{647454D1-C4C3-40B2-93DD-E4E42555D542}.Debug|Win32.ActiveCfg = Debug|Win32
		{647454D1-C4C3-40B2-93DD-E4E42555D542}.Debug|Win32.Build.0 = Debug|Win32
		{647454D1-C4C3-40B2-93DD-E4E42555D542}.Release|Win32.ActiveCfg = Release|Win32
		{647454D1-C4C3-40B2-93DD-E4E42555D542}.Release|Win32.Build.0 = Release|Win32
		{3A5F4222-0C57-44BF-94D2-CCC16D769047}.Debug|Win32.ActiveCfg = Debug|Win32
		{3A5F4222-0C57-44BF-94D2-CCC16D769047}.Debug|Win32.Build.0 = Debug|Win32
		{3A5F4222-0C57-44BF-94D2-CCC16D769047}.Release|Win32.ActiveCfg = Release|Win32
		{3A5F4222-0C57-44BF-94D2-CCC16D769047}.Release|Win32.Build.0 = Release|Win32
		{AB792005-5A5E-4A5F-B2C1-D197F46F00C0}.Debug|Win32.ActiveCfg = Debug|Win32
		{AB792005-5A5E-4A5F-B2C1-D197F46F00C0}.Debug|Win32.Build.0 = Debug|Win32
		{AB792005-5A5E-4A5F-B2C1-D197F46F00C0}.Release|Win32.ActiveCfg = Release|Win32
		{AB792005-5A5E-4A5F-B2C1-D197F46F00C0}.Release|Win32.Build.0 = Release|Win32
		{B61E6C87-9576-41E8-9BF9-38DE92C85729}.Debug|Win32.ActiveCfg = Debug|Win32
		{B61E6C87-9576-41E8-9BF9-38DE92C85729}.Debug|Win32.Build.0 = Debug|Win32
		{B61E6C87-9576-41E8-9BF9-38DE92C85729}.Release|Win32.ActiveCfg = Release|Win32
		{B61E6C87-9576-41E8-9BF9-38DE92C85729}.Release|Win32.Build.0 = Release|Win32
		{71CEBA03-CA2B-4E7F-AD4C-893C60E34C18}.Debug|Win32.ActiveCfg = Debug|Win32
		{71CEBA03-CA2B-4E7F-AD4C-893C60E34C18}.Debug|Win32.Build.0 = Debug|Win32
		{71CEBA03-CA2B-4E7F-AD4C-893C60E34C18}.Release|Win32.ActiveCfg = Release|Win32
		{71CEBA03-CA2B-4E7F-AD4C-893C60E34C18}.Release|Win32.Build.0 = Release|Win32
		{45413B3F-D070-4472-A17E-4A8EA06F5C7B}.Debug|Win32.ActiveCfg = Debug|Win32
		{45413B3F-D070-4472-A17E-4A8EA06F5C7B}.Debug|Win32.Build.0 = Debug|Win32
		{45413B3F-D070-4472-A17E-4A8EA06F5C7B}.Release|Win32.ActiveCfg = Release|Win32
		{45413B3F-D070-4472-A17E-4A8EA06F5C7B}.Release|Win32.Build.0 = Release|Win32
		{EBC5DC51-7D54-41B5-86BA-1D9963FD5F15}.Debug|Win32.ActiveCfg = Debug|Win32
		{EBC5DC51-7D54-41B5-86BA-1D9963FD5F15}.Debug|Win32.Build.0 = Debug|Win32
		{EBC5DC51-7D54-41B5-86BA-1D9963FD5F15}.Release|Win32.ActiveCfg = Release|Win32
		{EBC5DC51-7D54-41B5-86BA-1D9963FD5F15}.Release|Win32.Build.0 = Release|Win32
		{B563492E-7AC8-441D-9028-4868EF3B5EB4}.Debug|Win32.ActiveCfg = Debug|Win32
		{B563492E-7AC8-441D-9028-4868EF3B5EB4}.Debug|Win32.Build.0 = Debug|Win32
		{B563492E-7AC8-441D-9028-4868EF3B5EB4}.Release|Win32.ActiveCfg = Release|Win32
		{B563492E-7AC8-441D-9028-4868EF3B5EB4}.Release|Win32.Build.0 = Release|Win32
		{DF4311C9-3DD5-4715-9C46-351F352A5162}.Debug|Win32.ActiveCfg = Debug|Win32
		{DF4311C9-3DD5-4715-9C46-351F352A5162}.Debug|Win32.Build.0 = Debug|Win32
		{DF4311C9-3DD5-4715-9C46-351F352A5162}.Release|Win32.ActiveCfg = Release|Win32
		{DF4311C9-3DD5-4715-9C46-351F352A5162}.Release|Win32.Build.0 = Release|Win32
		{3290CA6C-4A10-4B36-9B4B-B8848CE147E1}.Debug|Win32.ActiveCfg = Debug|Win32
		{3290CA6C-4A10-4B36-9B4B-B8848CE147E1}.Debug|Win32.Build.0 = Debug|Win32
		{3290CA6C-4A10-4B36-9B4B-B8848CE147E1}.Release|Win32.ActiveCfg = Release|Win32
		{3290CA6C-4A10-4B36-9B4B-B8848CE147E1}.Release|Win32.Build.0 = Release|Win32
		{E9B0E3A6-1F63-4D27-B977-F75925A7CBA7}.Debug|Win32.ActiveCfg = Debug|Win32
		{E9B0E3A6-1F63-4D27-B977-F75925A7CBA7}.Debug|Win32.Build.0 = Debug|Win32
		{E9B0E3A6-1F63-4D27-B977-F75925A7CBA7}.Release|Win32.ActiveCfg = Release|Win32
		{E9B0E3A6-1F63-4D27-B977-F75925A7CBA7}.Release|Win32.Build.0 = Release|Win32
		{3AB1751E-C1E2-49C6-BFE7-28B9A053CA1F}.Debug|Win32.ActiveCfg = Debug|Win32
		{3AB1751E-C1E2-49C6-BFE7-28B9A053CA1F}.Debug|Win32.Build.0 = Debug|Win32
		{3AB1751E-C1E2-49C6-BFE7-28B9A053CA1F}.Release|Win32.ActiveCfg = Release|Win32
		{3AB1751E-C1E2-49C6-BFE7-28B9A053CA1F}.Release|Win32.Build.0 = Release|Win32
		{5870DE12-6891-4476-B5FE-8CD0E1D0DE60}.Debug|Win32.ActiveCfg = Debug|Win32
		{5870DE12-6891-4476-B5FE-8CD0E1D0DE60}.Debug|Win32.Build.0 = Debug|Win32
		{5870DE12-6891-4476-B5FE-8CD0E1D0DE60}.Release|Win32.ActiveCfg = Release|Win32
		{5870DE12-6891-4476-B5FE-8CD0E1D0DE60}.Release|Win32.Build.0 = Release|Win32
		{2D49A0AD-2D42-421E-9A82-F2A19FA43CFA}.Debug|Win32.ActiveCfg = Debug|Win32
		{2D49A0AD-2D42-421E-9A82-F2A19FA43CFA}.Debug|Win32.Build.0 = Debug|Win32
		{2D49A0AD-2D42-421E-9A82-F2A19FA43CFA}.Release|Win32.ActiveCfg = Release|Win32
		{2D49A0AD-2D42-421E-9A82-F2A19FA43CFA}.Release|Win32.Build.0 = Release|Win32
		{474FF12B-A41A-4EBE-9481-E133E2C87E13}.Debug|Win32.ActiveCfg = Debug|Win32
		{474FF12B-A41A-4EBE-9481-E133E2C87E13}.Debug|Win32.Build.0 = Debug|Win32
		{474FF12B-A41A-4EBE-9481-E133E2C87E13}.Release|Win32.ActiveCfg = Release|Win32
		{474FF12B-A41A-4EBE-9481-E133E2C87E13}.Release|Win32.Build.0 = Release|Win32
		{0AC40FB1-643A-4577-BF31-FE37D7FD4C92}.Debug|Win32.ActiveCfg = Debug|Win32
		{0AC40FB1-643A-4577-BF31-FE37D7FD4C92}.Debug|Win32.Build.0 = Debug|Win32
		{0AC40FB1-643A-4577-BF31-FE37D7FD4C92}.Release|Win32.ActiveCfg = Release|Win32
		{0AC40FB1-643A-4577-BF31-FE37D7FD4C92}.Release|Win32.Build.0 = Release|Win32
		{BEA59E6C-116B-46E8-B7FB-805990D43004}.Debug|Win32.ActiveCfg = Debug|Win32
		{BEA59E6C-116B-46E8-B7FB-805990D43004}.Debug|Win32.Build.0 = Debug|Win32
		{BEA59E6C-116B-46E8-B7FB-805990D43004}.Release|Win32.ActiveCfg = Release|Win32
		{BEA59E6C-116B-46E8-B7FB-805990D43004}.Release|Win32.Build.0 = Release|Win32
		{2EE960CC-DC47-4C29-8BED-23816B288F96}.Debug|Win32.ActiveCfg = Debug|Win32
		{2EE960CC-DC47-4C29-8BED-23816B288F96}.Debug|Win32.Build.0 = Debug|Win32
		{2EE960CC-DC47-4C29-8BED-23816B288F96}.Release|Win32.ActiveCfg = Release|Win32
		{2EE960CC-DC47-4C29-8BED-23816B288F96}.Release|Win32.Build.0 = Release|Win32
		{EF1260C8-DCD5-4FDE-A236-694B4DFEEF2F}.Debug|Win32.ActiveCfg = Debug|Win32
		{EF1260C8-DCD5-4FDE-A236-694B4DFEEF2F}.Debug|Win32.Build.0 = Debug|Win32
		{EF1260C8-DCD5-4FDE-A236-694B4DFEEF2F}.Release|Win32.ActiveCfg = Release|Win32
		{EF1260C8-DCD5-4FDE-A236-694B4DFEEF2F}.Release|Win32.Build.0 = Release|Win32
		{96FF669E-BC2C-45AD-A1E9-27D0E1DF2353}.Debug|Win32.ActiveCfg = Debug|Win32
		{96FF669E-BC2C-45AD-A1E9-27D0E1DF2353}.Debug|Win32.Build.0 = Debug|Win32
		{96FF669E-BC2C-45AD-A1E9-27D0E1DF2353}.Release|Win32.ActiveCfg = Release|Win32
		{96FF669E-BC2C-45AD-A1E9-27D0E1DF2353}.Release|Win32.Build.0 = Release|Win32
		{944C587D-568D-40D3-ABDE-FAA8C314BC99}.Debug|Win32.ActiveCfg = Debug|Win32
		{944C587D-568D-40D3-ABDE-FAA8C314BC99}.Debug|Win32.Build.0 = Debug|Win32
		{944C587D-568D-40D3-ABDE-FAA8C314BC99}.Release|Win32.ActiveCfg = Release|Win32
		{944C587D-568D-40D3-ABDE-FAA8C314BC99}.Release|Win32.Build.0 = Release|Win32
		{2CDA45F2-95F2-4806-8009-458746179439}.Debug|Win32.ActiveCfg = Debug|Win32
		{2CDA45F2-95F2-4806-8009-458746179439}.Debug|Win32.Build.0 = Debug|Win32
		{2CDA45F2-95F2-4806-8009-458746179439}.Release|Win32.ActiveCfg = Release|Win32
		{2CDA45F2-95F2-4806-8009-458746179439}.Release|Win32.Build.0 = Release|Win32
		{F249ACCD-3A95-4252-93DE-70696FFC9883}.Debug|Win32.ActiveCfg = Debug|Win32
		{F249ACCD-3A95-4252-93DE-70696FFC9883}.Debug|Win32.Build.0 = Debug|Win32
		{F249ACCD-3A95-4252-93DE-70696FFC9883}.Release|Win32.ActiveCfg = Release|Win32
		{F249ACCD-3A95-4252-93DE-70696FFC9883}.Release|Win32.Build.0 = Release|Win32
		{8F39D7D4-61B0-4256-B6F0-03D7CFE0D18C}.Debug|Win32.ActiveCfg = Debug|Win32
		{8F39D7D4-61B0-4256-B6F0-03D7CFE0D18C}.Debug|Win32.Build.0 = Debug|Win32
		{8F39D7D4-61B0-4256-B6F0-03D7CFE0D18C}.Release|Win32.ActiveCfg = Release|Win32
		{8F39D7D4-61B0-4256-B6F0-03D7CFE0D18C}.Release|Win32.Build.0 = Release|Win32
		{285D2DAB-FC4F-47FE-8C90-EBB7D7FA23A9}.Debug|Win32.ActiveCfg = Debug|Win32
		{285D2DAB-FC4F-47FE-8C90-EBB7D7FA23A9}.Debug|Win32.Build.0 = Debug|Win32
		{285D2DAB-FC4F-47FE-8C90-EBB7D7FA23A9}.Release|Win32.ActiveCfg = Release|Win32
		{285D2DAB-FC4F-47FE-8C90-EBB7D7FA23A9}.Release|Win32.Build.0 = Release|Win32
		{19045B7C-A7F0-4769-8119-AC2575839F92}.Debug|Win32.ActiveCfg = Debug|Win32
		{19045B7C-A7F0-4769-8119-AC2575839F92}.Debug|Win32.Build.0 = Debug|Win32
		{19045B7C-A7F0-4769-8119-AC2575839F92}.Release|Win32.ActiveCfg = Release|Win32
		{19045B7C-A7F0-4769-8119-AC2575839F92}.Release|Win32.Build.0 = Release|Win32
		{70AE376E-2F1A-4867-A961-5276FC77E2FA}.Debug|Win32.ActiveCfg = Debug|Win32
		{70AE376E-2F1A-4867-A961-5276FC77E2FA}.Debug|Win32.Build.0 = Debug|Win32
		{70AE376E-2F1A-4867-A961-5276FC77E2FA}.Release|Win32.ActiveCfg = Release|Win32
		{70AE376E-2F1A-4867-A961-5276FC77E2FA}.Release|Win32.Build.0 = Release|Win32
		{5A3BD2AE-DCE5-49F0-AAF0-54CD8D1F6E07}.Debug|Win32.ActiveCfg = Debug|Win32
		{5A3BD2AE-DCE5-49F0-AAF0-54CD8D1F6E07}.Debug|Win32.Build.0 = Debug|Win32
		{5A3BD2AE-DCE5-49F0-AAF0-54CD8D1F6E07}.Release|Win32.ActiveCfg = Release|Win32
		{5A3BD2AE-DCE5-49F0-AAF0-54CD8D1F6E07}.Release|Win32.Build.0 = Release|Win32
		{69C7A37A-484F-4D29-BDC4-A6A0F590A1AF}.Debug|Win32.ActiveCfg = Debug|Win32
		{69C7A37A-484F-4D29-BDC4-A6A0F590A1AF}.Debug|Win32.Build.0 = Debug|Win32
		{69C7A37A-484F-4D29-BDC4-A6A0F590A1AF}.Release|Win32.ActiveCfg = Release|Win32
		{69C7A37A-484F-4D29-BDC4-A6A0F590A1AF}.Release|Win32.Build.0 = Release|Win32
		{535052AD-960D-4C1E-A0C9-40CD7E88B54B}.Debug|Win32.ActiveCfg = Debug|Win32
		{535052AD-960D-4C1E-A0C9-40CD7E88B54B}.Debug|Win32.Build.0 = Debug|Win32
		{535052AD-960D-4C1E-A0C9-40CD7E88B54B}.Release|Win32.ActiveCfg = Release|Win32
		{535052AD-960D-4C1E-A0C9-40CD7E88B54B}.Release|Win32.Build.0 = Release|Win32
		{AC3B34B9-9711-4D32-B9FA-47B4382EE265}.Debug|Win32.ActiveCfg = Debug|Win32
		{AC3B34B9-9711-4D32-B9FA-47B4382EE265}.Debug|Win32.Build.0 = Debug|Win32
		{AC3B34B9-9711-4D32-B9FA-47B4382EE265}.Release|Win32.ActiveCfg = Release|Win32
		{AC3B34B9-9711-4D32-B9FA-47B4382EE265}.Release|Win32.Build.0 = Release|Win32
		{583B71E1-2B97-4A51-9430-D0DD48D86298}.Debug|Win32.ActiveCfg = Debug|Win32
		{583B71E1-2B97-4A51-9430-D0DD48D86298}.Debug|Win32.Build.0 = Debug|Win32
		{583B71E1-2B97-4A51-9430-D0DD48D86298}.Release|Win32.ActiveCfg = Release|Win32
		{583B71E1-2B97-4A51-9430-D0DD48D86298}.Release|Win32.Build.0 = Release|Win32
		{1ABA6097-0CCF-4836-9BED-FEE2F8875A42}.Debug|Win32.ActiveCfg = Debug|Win32
		{1ABA6097-0CCF-4836-9BED-FEE2F8875A42}.Debug|Win32.Build.0 = Debug|Win32
		{1ABA6097-0CCF-4836-9BED-FEE2F8875A42}.Release|Win32.ActiveCfg = Release|Win32
		{1ABA6097-0CCF-4836-9BED-FEE2F8875A42}.Release|Win32.Build.0 = Release|Win32
		{99D17ADC-FF2A-4AED-A82A-F3A634A1B2E1}.Debug|Win32.ActiveCfg = Debug|Win32
		{99D17ADC-FF2A-4AED-A82A-F3A634A1B2E1}.Debug|Win32.Build.0 = Debug|Win32
		{99D17ADC-FF2A-4AED-A82A-F3A634A1B2E1}.Release|Win32.ActiveCfg = Release|Win32
		{99D17ADC-FF2A-4AED-A82A-F3A634A1B2E1}.Release|Win32.Build.0 = Release|Win32
		{321F0BA1-4818-4690-AB7A-EF8F5619B4E5}.Debug|Win32.ActiveCfg = Debug|Win32
		{321F0BA1-4818-4690-AB7A-EF8F5619B4E5}.Debug|Win32.Build.0 = Debug|Win32
		{321F0BA1-4818-4690-AB7A-EF8F5619B4E5}.Release|Win32.ActiveCfg = Release|Win32
		{321F0BA1-4818-4690-AB7A-EF8F5619B4E5}.Release|Win32.Build.0 = Release|Win32
		{CF76C8BC-1C44-4BA5-BCED-A818F2A18965}.Debug|Win32.ActiveCfg = Debug|Win32
		{CF76C8BC-1C44-4BA5-BCED-A818F2A18965}.Debug|Win32.Build.0 = Debug|Win32
		{CF76C8BC-1C44-4BA5-BCED-A818F2A18965}.Release|Win32.ActiveCfg = Release|Win32
		{CF76C8BC-1C44-4BA5-BCED-A818F2A18965}.Release|Win32.Build.0 = Release|Win32
		{BC73FD5A-01FF-4C6F-8E2F-4753A571C86F}.Debug|Win32.ActiveCfg = Debug|Win32
		{BC73FD5A-01FF-4C6F-8E2F-4753A571C86F}.Debug|Win32.Build.0 = Debug|Win32
		{BC73FD5A-01FF-4C6F-8E2F-4753A571C86F}.Release|Win32.ActiveCfg = Release|Win32
		{BC73FD5A-01FF-4C6F-8E2F-4753A571C86F}.Release|Win32.Build.0 = Release|Win32
		{078687BC-6887-42DA-989D-3F06B7E5AA59}.Debug|Win32.ActiveCfg = Debug|Win32
		{078687BC-6887-42DA-989D-3F06B7E5AA59}.Debug|Win32.Build.0 = Debug|Win32
		{078687BC-6887-42DA-989D-3F06B7E5AA59}.Release|Win32.ActiveCfg = Release|Win32
		{078687BC-6887-42DA-989D-3F06B7E5AA59}.Release|Win32.Build.0 = Release|Win32
		{EE214278-A06E-48D1-8C1F-9EB1B32D35C4}.Debug|Win32.ActiveCfg = Debug|Win32
		{EE214278-A06E-48D1-8C1F-9EB1B32D35C4}.Debug|Win32.Build.0 = Debug|Win32
		{EE214278-A06E-48D1-8C1F-9EB1B32D35C4}.Release|Win32.ActiveCfg = Release|Win32
		{EE214278-A06E-48D1-8C1F-9EB1B32D35C4}.Release|Win32.Build.0 = Release|Win32
		{42F3D172-1832-40CD-B05B-38E83A946A8F}.Debug|Win32.ActiveCfg = Debug|Win32
		{42F3D172-1832-40CD-B05B-38E83A946A8F}.Debug|Win32.Build.0 = Debug|Win32
		{42F3D172-1832-40CD-B05B-38E83A946A8F}.Release|Win32.ActiveCfg = Release|Win32
		{42F3D172-1832-40CD-B05B-38E83A946A8F}.Release|Win32.Build.0 = Release|Win32
		{04493739-1EAE-4CB8-899F-0586680E0B93}.Debug|Win32.ActiveCfg = Debug|Win32
		{04493739-1EAE-4CB8-899F-0586680E0B93}.Debug|Win32.Build.0 = Debug|Win32
		{04493739-1EAE-4CB8-899F-0586680E0B93}.Release|Win32.ActiveCfg = Release|Win32
		{04493739-1EAE-4CB8-899F-0586680E0B93}.Release|Win32.Build.0 = Release|Win32
		{68B4F768-4404-42A3-974D-9240D81C4B5B}.Debug|Win32.ActiveCfg = Debug|Win32
		{68B4F768-4404-42A3-974D-9240D81C4B5B}.Debug|Win32.Build.0 = Debug|Win32
		{68B4F768-4404-42A3-974D-9240D81C4B5B}.Release|Win32.ActiveCfg = Release|Win32
		{68B4F768-4404-42A3-974D-9240D81C4B5B}.Release|Win32.Build.0 = Release|Win32
		{6A6FC42B-CD59-470A-A7A2-3610ECAE6CC2}.Debug|Win32.ActiveCfg = Debug|Win32
		{6A6FC42B-CD59-470A-A7A2-3610ECAE6CC2}.Debug|Win32.Build.0 = Debug|Win32
		{6A6FC42B-CD59-470A-A7A2-3610ECAE6CC2}.Release|Win32.ActiveCfg = Release|Win32
		{6A6FC42B-CD59-470A-A7A2-3610ECAE6CC2}.Release|Win32.Build.0 = Release|Win32
		{17601637-E6CB-496C-BA1C-0CA605170956}.Debug|Win32.ActiveCfg = Debug|Win32
		{17601637-E6CB-496C-BA1C-0CA605170956}.Debug|Win32.Build.0 = Debug|Win32
		{17601637-E6CB-496C-BA1C-0CA605170956}.Release|Win32.ActiveCfg = Release|Win32
		{17601637-E6CB-496C-BA1C-0CA605170956}.Release|Win32.Build.0 = Release|Win32
		{3CD35258-1E58-4421-87DA-5FE7BE5333E7}.Debug|Win32.ActiveCfg = Debug|Win32
		{3CD35258-1E58-4421-87DA-5FE7BE5333E7}.Debug|Win32.Build.0 = Debug|Win32
		{3CD35258-1E58-4421-87DA-5FE7BE5333E7}.Release|Win32.ActiveCfg = Release|Win32
		{3CD35258-1E58-4421-87DA-5FE7BE5333E7}.Release|Win32.Build.0 = Release|Win32
		{986648E3-3E3E-481E-A3C8-5FF5CCE2AC87}.Debug|Win32.ActiveCfg = Debug|Win32
		{986648E3-3E3E-481E-A3C8-5FF5CCE2AC87}.Debug|Win32.Build.0 = Debug|Win32
		{986648E3-3E3E-481E-A3C8-5FF5CCE2AC87}.Release|Win32.ActiveCfg = Release|Win32
		{986648E3-3E3E-481E-A3C8-5FF5CCE2AC87}.Release|Win32.Build.0 = Release|Win32
		{EDB1AFB5-054C-49D3-B435-8447A4DA79C6}.Debug|Win32.ActiveCfg = Debug|Win32
		{EDB1AFB5-054C-49D3-B435-8447A4DA79C6}.Debug|Win32.Build.0 = Debug|Win32
		{EDB1AFB5-054C-49D3-B435-8447A4DA79C6}.Release|Win32.ActiveCfg = Release|Win32
		{EDB1AFB5-054C-49D3-B435-8447A4DA79C6}.Release|Win32.Build.0 = Release|Win32
		{BACE2ECB-323A-4BBF-82BD-E782F6FFDA83}.Debug|Win32.ActiveCfg = Debug|Win32
		{BACE2ECB-323A-4BBF-82BD-E782F6FFDA83}.Debug|Win32.Build.0 = Debug|Win32
		{BACE2ECB-323A-4BBF-82BD-E782F6FFDA83}.Release|Win32.ActiveCfg = Release|Win32
		{BACE2ECB-323A-4BBF-82BD-E782F6FFDA83}.Release|Win32.Build.0 = Release|Win32
	EndGlobalSection
	GlobalSection(SolutionProperties) = preSolution
		HideSolutionNode = FALSE
	EndGlobalSection
EndGlobal
